// !$*UTF8*$!
{
	archiveVersion = 1;
	classes = {
	};
	objectVersion = 48;
	objects = {

/* Begin PBXBuildFile section */
		2304BEAC1FD96AAB00003956 /* btn_empty@2x.png in Resources */ = {isa = PBXBuildFile; fileRef = 2304BEAA1FD96AAB00003956 /* btn_empty@2x.png */; };
		2304BEAD1FD96AAB00003956 /* btn_empty@3x.png in Resources */ = {isa = PBXBuildFile; fileRef = 2304BEAB1FD96AAB00003956 /* btn_empty@3x.png */; };
		2359ED241FD782A200AD4405 /* SYPBaseChartModel.m in Sources */ = {isa = PBXBuildFile; fileRef = 2359ED0E1FD782A200AD4405 /* SYPBaseChartModel.m */; };
		2359ED251FD782A200AD4405 /* SYPPageModel.m in Sources */ = {isa = PBXBuildFile; fileRef = 2359ED0F1FD782A200AD4405 /* SYPPageModel.m */; };
		2359ED261FD782A200AD4405 /* SYPSingleValueModel.m in Sources */ = {isa = PBXBuildFile; fileRef = 2359ED101FD782A200AD4405 /* SYPSingleValueModel.m */; };
		2359ED271FD782A200AD4405 /* SYPBargraphModel.m in Sources */ = {isa = PBXBuildFile; fileRef = 2359ED111FD782A200AD4405 /* SYPBargraphModel.m */; };
		2359ED281FD782A200AD4405 /* SYPFilterModel.m in Sources */ = {isa = PBXBuildFile; fileRef = 2359ED171FD782A200AD4405 /* SYPFilterModel.m */; };
		2359ED291FD782A200AD4405 /* SYPBannerModel.m in Sources */ = {isa = PBXBuildFile; fileRef = 2359ED1B1FD782A200AD4405 /* SYPBannerModel.m */; };
		2359ED2A1FD782A200AD4405 /* SYPColourPointModel.m in Sources */ = {isa = PBXBuildFile; fileRef = 2359ED1C1FD782A200AD4405 /* SYPColourPointModel.m */; };
		2359ED2B1FD782A200AD4405 /* SYPTablesModel.m in Sources */ = {isa = PBXBuildFile; fileRef = 2359ED1F1FD782A200AD4405 /* SYPTablesModel.m */; };
		2359ED2C1FD782A200AD4405 /* SYPChartModel.m in Sources */ = {isa = PBXBuildFile; fileRef = 2359ED201FD782A200AD4405 /* SYPChartModel.m */; };
		2359ED2D1FD782A200AD4405 /* SYPPartModel.m in Sources */ = {isa = PBXBuildFile; fileRef = 2359ED211FD782A200AD4405 /* SYPPartModel.m */; };
		2359ED2E1FD782A200AD4405 /* SYPInfoModel.m in Sources */ = {isa = PBXBuildFile; fileRef = 2359ED231FD782A200AD4405 /* SYPInfoModel.m */; };
		2359ED431FD789FF00AD4405 /* SYPExcelView.m in Sources */ = {isa = PBXBuildFile; fileRef = 2359ED321FD789FF00AD4405 /* SYPExcelView.m */; };
		2359ED441FD789FF00AD4405 /* SYPSignView.m in Sources */ = {isa = PBXBuildFile; fileRef = 2359ED361FD789FF00AD4405 /* SYPSignView.m */; };
		2359ED451FD789FF00AD4405 /* SYPFreezeViewCell.m in Sources */ = {isa = PBXBuildFile; fileRef = 2359ED371FD789FF00AD4405 /* SYPFreezeViewCell.m */; };
		2359ED461FD789FF00AD4405 /* SYPFreezeWindowView.m in Sources */ = {isa = PBXBuildFile; fileRef = 2359ED3A1FD789FF00AD4405 /* SYPFreezeWindowView.m */; };
		2359ED471FD789FF00AD4405 /* SYPRowViewCell.m in Sources */ = {isa = PBXBuildFile; fileRef = 2359ED3B1FD789FF00AD4405 /* SYPRowViewCell.m */; };
		2359ED481FD789FF00AD4405 /* SYPSectionViewCell.m in Sources */ = {isa = PBXBuildFile; fileRef = 2359ED3E1FD789FF00AD4405 /* SYPSectionViewCell.m */; };
		2359ED491FD789FF00AD4405 /* SYPMainViewCell.m in Sources */ = {isa = PBXBuildFile; fileRef = 2359ED3F1FD789FF00AD4405 /* SYPMainViewCell.m */; };
		2359ED4A1FD789FF00AD4405 /* SYPSubSheetView.m in Sources */ = {isa = PBXBuildFile; fileRef = 2359ED401FD789FF00AD4405 /* SYPSubSheetView.m */; };
		2359ED4B1FD789FF00AD4405 /* SYPSheetView.m in Sources */ = {isa = PBXBuildFile; fileRef = 2359ED411FD789FF00AD4405 /* SYPSheetView.m */; };
		2359ED531FD8241200AD4405 /* template1_03-1.json in Resources */ = {isa = PBXBuildFile; fileRef = 2359ED521FD8241200AD4405 /* template1_03-1.json */; };
		236520601FD3106B006356A3 /* SYPLandscapeBarLayer.m in Sources */ = {isa = PBXBuildFile; fileRef = 2365205C1FD3106B006356A3 /* SYPLandscapeBarLayer.m */; };
		236520611FD3106B006356A3 /* SYPLandscapeBarView.m in Sources */ = {isa = PBXBuildFile; fileRef = 2365205D1FD3106B006356A3 /* SYPLandscapeBarView.m */; };
		236DA2931FEE611600D8342B /* UIButton+SYPPositionSwap.m in Sources */ = {isa = PBXBuildFile; fileRef = 236DA2921FEE611600D8342B /* UIButton+SYPPositionSwap.m */; };
		23A146D41FD4E66700F9BC5B /* SYPClickableLineView.m in Sources */ = {isa = PBXBuildFile; fileRef = 23A146D01FD4E66700F9BC5B /* SYPClickableLineView.m */; };
		23A146D51FD4E66700F9BC5B /* SYPClickableLineLayer.m in Sources */ = {isa = PBXBuildFile; fileRef = 23A146D31FD4E66700F9BC5B /* SYPClickableLineLayer.m */; };
		23A285951FD14D9700360E7E /* SYPBannerView.m in Sources */ = {isa = PBXBuildFile; fileRef = 23A285931FD14D9700360E7E /* SYPBannerView.m */; };
		23A285991FD14DE600360E7E /* SYPHelpInfoView.m in Sources */ = {isa = PBXBuildFile; fileRef = 23A285981FD14DE600360E7E /* SYPHelpInfoView.m */; };
		23A2859D1FD15B7C00360E7E /* SYPInfoView.m in Sources */ = {isa = PBXBuildFile; fileRef = 23A2859C1FD15B7C00360E7E /* SYPInfoView.m */; };
		23C20CE91FD93DCC001BC1FA /* SYPFilterPopView.m in Sources */ = {isa = PBXBuildFile; fileRef = 23C20CE81FD93DCC001BC1FA /* SYPFilterPopView.m */; };
		23C20CEC1FD93F0A001BC1FA /* SYPTabController.m in Sources */ = {isa = PBXBuildFile; fileRef = 23C20CEB1FD93F0A001BC1FA /* SYPTabController.m */; };
		23C20CEF1FD942DF001BC1FA /* SYPTabButton.m in Sources */ = {isa = PBXBuildFile; fileRef = 23C20CEE1FD942DF001BC1FA /* SYPTabButton.m */; };
		23C9B4351FD924A200CC57ED /* SYPFilterView.m in Sources */ = {isa = PBXBuildFile; fileRef = 23C9B4341FD924A200CC57ED /* SYPFilterView.m */; };
		23C9B4381FD9273900CC57ED /* pop_screen@3x.png in Resources */ = {isa = PBXBuildFile; fileRef = 23C9B4361FD9273900CC57ED /* pop_screen@3x.png */; };
		23C9B4391FD9273900CC57ED /* pop_screen@2x.png in Resources */ = {isa = PBXBuildFile; fileRef = 23C9B4371FD9273900CC57ED /* pop_screen@2x.png */; };
		23D9AD751FD97BAE00DF93B6 /* SYPFilterListView.m in Sources */ = {isa = PBXBuildFile; fileRef = 23D9AD741FD97BAE00DF93B6 /* SYPFilterListView.m */; };
		23D9AD781FDA6B8700DF93B6 /* SYPFilterListViewCell.m in Sources */ = {isa = PBXBuildFile; fileRef = 23D9AD771FDA6B8700DF93B6 /* SYPFilterListViewCell.m */; };
		23D9AD8B1FDA873900DF93B6 /* SYPPartView.m in Sources */ = {isa = PBXBuildFile; fileRef = 23D9AD821FDA873900DF93B6 /* SYPPartView.m */; };
		23D9AD8C1FDA873900DF93B6 /* SYPPageView.m in Sources */ = {isa = PBXBuildFile; fileRef = 23D9AD851FDA873900DF93B6 /* SYPPageView.m */; };
		23D9AD8D1FDA873900DF93B6 /* SYPPartViewCell.m in Sources */ = {isa = PBXBuildFile; fileRef = 23D9AD871FDA873900DF93B6 /* SYPPartViewCell.m */; };
		23D9AD931FDC3F2F00DF93B6 /* SYPFirstViewController.m in Sources */ = {isa = PBXBuildFile; fileRef = 23D9AD921FDC3F2F00DF93B6 /* SYPFirstViewController.m */; };
		23EAD2401FD1303100B8A488 /* AppDelegate.m in Sources */ = {isa = PBXBuildFile; fileRef = 23EAD23F1FD1303100B8A488 /* AppDelegate.m */; };
		23EAD2431FD1303100B8A488 /* ViewController.m in Sources */ = {isa = PBXBuildFile; fileRef = 23EAD2421FD1303100B8A488 /* ViewController.m */; };
		23EAD2461FD1303100B8A488 /* Main.storyboard in Resources */ = {isa = PBXBuildFile; fileRef = 23EAD2441FD1303100B8A488 /* Main.storyboard */; };
		23EAD2481FD1303100B8A488 /* Assets.xcassets in Resources */ = {isa = PBXBuildFile; fileRef = 23EAD2471FD1303100B8A488 /* Assets.xcassets */; };
		23EAD24B1FD1303100B8A488 /* LaunchScreen.storyboard in Resources */ = {isa = PBXBuildFile; fileRef = 23EAD2491FD1303100B8A488 /* LaunchScreen.storyboard */; };
		23EAD24E1FD1303100B8A488 /* main.m in Sources */ = {isa = PBXBuildFile; fileRef = 23EAD24D1FD1303100B8A488 /* main.m */; };
		23EAD2821FD1305E00B8A488 /* MJPropertyType.m in Sources */ = {isa = PBXBuildFile; fileRef = 23EAD26F1FD1305E00B8A488 /* MJPropertyType.m */; };
		23EAD2831FD1305E00B8A488 /* NSObject+MJKeyValue.m in Sources */ = {isa = PBXBuildFile; fileRef = 23EAD2721FD1305E00B8A488 /* NSObject+MJKeyValue.m */; };
		23EAD2841FD1305E00B8A488 /* MJProperty.m in Sources */ = {isa = PBXBuildFile; fileRef = 23EAD2731FD1305E00B8A488 /* MJProperty.m */; };
		23EAD2851FD1305E00B8A488 /* NSObject+MJCoding.m in Sources */ = {isa = PBXBuildFile; fileRef = 23EAD2751FD1305E00B8A488 /* NSObject+MJCoding.m */; };
		23EAD2861FD1305E00B8A488 /* MJExtensionConst.m in Sources */ = {isa = PBXBuildFile; fileRef = 23EAD2771FD1305E00B8A488 /* MJExtensionConst.m */; };
		23EAD2871FD1305E00B8A488 /* NSObject+MJProperty.m in Sources */ = {isa = PBXBuildFile; fileRef = 23EAD2781FD1305E00B8A488 /* NSObject+MJProperty.m */; };
		23EAD2881FD1305E00B8A488 /* NSObject+MJClass.m in Sources */ = {isa = PBXBuildFile; fileRef = 23EAD27A1FD1305E00B8A488 /* NSObject+MJClass.m */; };
		23EAD2891FD1305E00B8A488 /* NSString+MJExtension.m in Sources */ = {isa = PBXBuildFile; fileRef = 23EAD27B1FD1305E00B8A488 /* NSString+MJExtension.m */; };
		23EAD28A1FD1305E00B8A488 /* MJPropertyKey.m in Sources */ = {isa = PBXBuildFile; fileRef = 23EAD27C1FD1305E00B8A488 /* MJPropertyKey.m */; };
		23EAD28B1FD1305E00B8A488 /* Info.plist in Resources */ = {isa = PBXBuildFile; fileRef = 23EAD2801FD1305E00B8A488 /* Info.plist */; };
		23EAD28C1FD1305E00B8A488 /* MJFoundation.m in Sources */ = {isa = PBXBuildFile; fileRef = 23EAD2811FD1305E00B8A488 /* MJFoundation.m */; };
		23EAD2E01FD1309500B8A488 /* SYPBaseComponentLayer.m in Sources */ = {isa = PBXBuildFile; fileRef = 23EAD2901FD1309500B8A488 /* SYPBaseComponentLayer.m */; };
		23EAD2E11FD1309500B8A488 /* SYPBaseComponentView.m in Sources */ = {isa = PBXBuildFile; fileRef = 23EAD2911FD1309500B8A488 /* SYPBaseComponentView.m */; };
		23EAD2FF1FD1309500B8A488 /* SYPCompareSaleView.m in Sources */ = {isa = PBXBuildFile; fileRef = 23EAD2DC1FD1309500B8A488 /* SYPCompareSaleView.m */; };
		23EAD3221FD1309A00B8A488 /* SYPBlockButton.m in Sources */ = {isa = PBXBuildFile; fileRef = 23EAD3021FD1309A00B8A488 /* SYPBlockButton.m */; };
		23EAD3231FD1309A00B8A488 /* SYPTrendTypeImageView.m in Sources */ = {isa = PBXBuildFile; fileRef = 23EAD3041FD1309A00B8A488 /* SYPTrendTypeImageView.m */; };
		23EAD3241FD1309A00B8A488 /* SYPHudView.m in Sources */ = {isa = PBXBuildFile; fileRef = 23EAD3051FD1309A00B8A488 /* SYPHudView.m */; };
		23EAD3251FD1309A00B8A488 /* SYPInvertView.m in Sources */ = {isa = PBXBuildFile; fileRef = 23EAD3071FD1309A00B8A488 /* SYPInvertView.m */; };
		23EAD3261FD1309A00B8A488 /* SYPScrollNavBar.m in Sources */ = {isa = PBXBuildFile; fileRef = 23EAD30C1FD1309A00B8A488 /* SYPScrollNavBar.m */; };
		23EAD3271FD1309A00B8A488 /* SYPRootScrollViewCell.m in Sources */ = {isa = PBXBuildFile; fileRef = 23EAD3101FD1309A00B8A488 /* SYPRootScrollViewCell.m */; };
		23EAD3281FD1309A00B8A488 /* SYPRootScrollView.m in Sources */ = {isa = PBXBuildFile; fileRef = 23EAD3131FD1309A00B8A488 /* SYPRootScrollView.m */; };
		23EAD3291FD1309A00B8A488 /* SYPRootScrollViewManager.m in Sources */ = {isa = PBXBuildFile; fileRef = 23EAD3141FD1309A00B8A488 /* SYPRootScrollViewManager.m */; };
		23EAD32A1FD1309A00B8A488 /* SYPAnimationTool.m in Sources */ = {isa = PBXBuildFile; fileRef = 23EAD3151FD1309A00B8A488 /* SYPAnimationTool.m */; };
		23EAD32B1FD1309A00B8A488 /* SYPCursor.m in Sources */ = {isa = PBXBuildFile; fileRef = 23EAD31A1FD1309A00B8A488 /* SYPCursor.m */; };
		23EAD32D1FD1309A00B8A488 /* UIView+Extension.m in Sources */ = {isa = PBXBuildFile; fileRef = 23EAD31E1FD1309A00B8A488 /* UIView+Extension.m */; };
		23EAD32F1FD1309A00B8A488 /* SYPItemManager.m in Sources */ = {isa = PBXBuildFile; fileRef = 23EAD3201FD1309A00B8A488 /* SYPItemManager.m */; };
		23EAD3561FD130A600B8A488 /* NSTimer+SYPTimer.m in Sources */ = {isa = PBXBuildFile; fileRef = 23EAD3321FD130A600B8A488 /* NSTimer+SYPTimer.m */; };
		23EAD3571FD130A600B8A488 /* UIColor+SYPUtility.m in Sources */ = {isa = PBXBuildFile; fileRef = 23EAD3331FD130A600B8A488 /* UIColor+SYPUtility.m */; };
		23EAD3581FD130A600B8A488 /* template1_05.json in Resources */ = {isa = PBXBuildFile; fileRef = 23EAD33E1FD130A600B8A488 /* template1_05.json */; };
		23EAD3591FD130A600B8A488 /* template1_04.json in Resources */ = {isa = PBXBuildFile; fileRef = 23EAD33F1FD130A600B8A488 /* template1_04.json */; };
		23EAD35A1FD130A600B8A488 /* template1_03.json in Resources */ = {isa = PBXBuildFile; fileRef = 23EAD3401FD130A600B8A488 /* template1_03.json */; };
		23EAD35B1FD130A600B8A488 /* template1_02.json in Resources */ = {isa = PBXBuildFile; fileRef = 23EAD3411FD130A600B8A488 /* template1_02.json */; };
		23EAD35C1FD130A600B8A488 /* template1_01.json in Resources */ = {isa = PBXBuildFile; fileRef = 23EAD3421FD130A600B8A488 /* template1_01.json */; };
		23EAD35E1FD130A600B8A488 /* template1_06.json in Resources */ = {isa = PBXBuildFile; fileRef = 23EAD3441FD130A600B8A488 /* template1_06.json */; };
		23EAD3631FD130A600B8A488 /* down_yellowarrow.png in Resources */ = {isa = PBXBuildFile; fileRef = 23EAD34A1FD130A600B8A488 /* down_yellowarrow.png */; };
		23EAD3641FD130A600B8A488 /* pop_close@2x.png in Resources */ = {isa = PBXBuildFile; fileRef = 23EAD34B1FD130A600B8A488 /* pop_close@2x.png */; };
		23EAD3651FD130A600B8A488 /* pop_close@3x.png in Resources */ = {isa = PBXBuildFile; fileRef = 23EAD34C1FD130A600B8A488 /* pop_close@3x.png */; };
		23EAD3661FD130A600B8A488 /* up_yellowarrow.png in Resources */ = {isa = PBXBuildFile; fileRef = 23EAD34D1FD130A600B8A488 /* up_yellowarrow.png */; };
		23EAD3671FD130A600B8A488 /* up_redarrow.png in Resources */ = {isa = PBXBuildFile; fileRef = 23EAD34E1FD130A600B8A488 /* up_redarrow.png */; };
		23EAD3681FD130A600B8A488 /* up_greenarrow.png in Resources */ = {isa = PBXBuildFile; fileRef = 23EAD34F1FD130A600B8A488 /* up_greenarrow.png */; };
		23EAD3691FD130A600B8A488 /* icon_sort@2x.png in Resources */ = {isa = PBXBuildFile; fileRef = 23EAD3501FD130A600B8A488 /* icon_sort@2x.png */; };
		23EAD36A1FD130A600B8A488 /* icon_array@3x.png in Resources */ = {isa = PBXBuildFile; fileRef = 23EAD3511FD130A600B8A488 /* icon_array@3x.png */; };
		23EAD36B1FD130A600B8A488 /* down_greenarrow.png in Resources */ = {isa = PBXBuildFile; fileRef = 23EAD3521FD130A600B8A488 /* down_greenarrow.png */; };
		23EAD36C1FD130A600B8A488 /* down_redarrow.png in Resources */ = {isa = PBXBuildFile; fileRef = 23EAD3531FD130A600B8A488 /* down_redarrow.png */; };
		23EAD36D1FD130A600B8A488 /* icon_array@2x.png in Resources */ = {isa = PBXBuildFile; fileRef = 23EAD3541FD130A600B8A488 /* icon_array@2x.png */; };
		23EAD36E1FD130A600B8A488 /* icon_sort@3x.png in Resources */ = {isa = PBXBuildFile; fileRef = 23EAD3551FD130A600B8A488 /* icon_sort@3x.png */; };
		23F86BCA1FECFEF900478027 /* NSLayoutConstraint+MASDebugAdditions.m in Sources */ = {isa = PBXBuildFile; fileRef = 23F86BB11FECFEF800478027 /* NSLayoutConstraint+MASDebugAdditions.m */; };
		23F86BCB1FECFEF900478027 /* ViewController+MASAdditions.m in Sources */ = {isa = PBXBuildFile; fileRef = 23F86BBA1FECFEF800478027 /* ViewController+MASAdditions.m */; };
		23F86BCC1FECFEF900478027 /* MASCompositeConstraint.m in Sources */ = {isa = PBXBuildFile; fileRef = 23F86BBE1FECFEF800478027 /* MASCompositeConstraint.m */; };
		23F86BCD1FECFEF900478027 /* MASConstraintMaker.m in Sources */ = {isa = PBXBuildFile; fileRef = 23F86BBF1FECFEF800478027 /* MASConstraintMaker.m */; };
		23F86BCE1FECFEF900478027 /* MASLayoutConstraint.m in Sources */ = {isa = PBXBuildFile; fileRef = 23F86BC01FECFEF800478027 /* MASLayoutConstraint.m */; };
		23F86BCF1FECFEF900478027 /* NSArray+MASAdditions.m in Sources */ = {isa = PBXBuildFile; fileRef = 23F86BC11FECFEF800478027 /* NSArray+MASAdditions.m */; };
		23F86BD01FECFEF900478027 /* View+MASAdditions.m in Sources */ = {isa = PBXBuildFile; fileRef = 23F86BC21FECFEF800478027 /* View+MASAdditions.m */; };
		23F86BD11FECFEF900478027 /* MASConstraint.m in Sources */ = {isa = PBXBuildFile; fileRef = 23F86BC51FECFEF800478027 /* MASConstraint.m */; };
		23F86BD21FECFEF900478027 /* MASViewConstraint.m in Sources */ = {isa = PBXBuildFile; fileRef = 23F86BC71FECFEF800478027 /* MASViewConstraint.m */; };
		23F86BD31FECFEF900478027 /* MASViewAttribute.m in Sources */ = {isa = PBXBuildFile; fileRef = 23F86BC81FECFEF800478027 /* MASViewAttribute.m */; };
		23F86BD41FECFEF900478027 /* Info.plist in Resources */ = {isa = PBXBuildFile; fileRef = 23F86BC91FECFEF800478027 /* Info.plist */; };
/* End PBXBuildFile section */

/* Begin PBXFileReference section */
		2304BEAA1FD96AAB00003956 /* btn_empty@2x.png */ = {isa = PBXFileReference; lastKnownFileType = image.png; path = "btn_empty@2x.png"; sourceTree = "<group>"; };
		2304BEAB1FD96AAB00003956 /* btn_empty@3x.png */ = {isa = PBXFileReference; lastKnownFileType = image.png; path = "btn_empty@3x.png"; sourceTree = "<group>"; };
		2359ED0E1FD782A200AD4405 /* SYPBaseChartModel.m */ = {isa = PBXFileReference; fileEncoding = 4; lastKnownFileType = sourcecode.c.objc; path = SYPBaseChartModel.m; sourceTree = "<group>"; };
		2359ED0F1FD782A200AD4405 /* SYPPageModel.m */ = {isa = PBXFileReference; fileEncoding = 4; lastKnownFileType = sourcecode.c.objc; path = SYPPageModel.m; sourceTree = "<group>"; };
		2359ED101FD782A200AD4405 /* SYPSingleValueModel.m */ = {isa = PBXFileReference; fileEncoding = 4; lastKnownFileType = sourcecode.c.objc; path = SYPSingleValueModel.m; sourceTree = "<group>"; };
		2359ED111FD782A200AD4405 /* SYPBargraphModel.m */ = {isa = PBXFileReference; fileEncoding = 4; lastKnownFileType = sourcecode.c.objc; path = SYPBargraphModel.m; sourceTree = "<group>"; };
		2359ED121FD782A200AD4405 /* SYPColourPointModel.h */ = {isa = PBXFileReference; fileEncoding = 4; lastKnownFileType = sourcecode.c.h; path = SYPColourPointModel.h; sourceTree = "<group>"; };
		2359ED131FD782A200AD4405 /* SYPBannerModel.h */ = {isa = PBXFileReference; fileEncoding = 4; lastKnownFileType = sourcecode.c.h; path = SYPBannerModel.h; sourceTree = "<group>"; };
		2359ED141FD782A200AD4405 /* SYPChartModel.h */ = {isa = PBXFileReference; fileEncoding = 4; lastKnownFileType = sourcecode.c.h; path = SYPChartModel.h; sourceTree = "<group>"; };
		2359ED151FD782A200AD4405 /* SYPTablesModel.h */ = {isa = PBXFileReference; fileEncoding = 4; lastKnownFileType = sourcecode.c.h; path = SYPTablesModel.h; sourceTree = "<group>"; };
		2359ED161FD782A200AD4405 /* SYPInfoModel.h */ = {isa = PBXFileReference; fileEncoding = 4; lastKnownFileType = sourcecode.c.h; path = SYPInfoModel.h; sourceTree = "<group>"; };
		2359ED171FD782A200AD4405 /* SYPFilterModel.m */ = {isa = PBXFileReference; fileEncoding = 4; lastKnownFileType = sourcecode.c.objc; path = SYPFilterModel.m; sourceTree = "<group>"; };
		2359ED181FD782A200AD4405 /* SYPPartModel.h */ = {isa = PBXFileReference; fileEncoding = 4; lastKnownFileType = sourcecode.c.h; path = SYPPartModel.h; sourceTree = "<group>"; };
		2359ED191FD782A200AD4405 /* SYPPageModel.h */ = {isa = PBXFileReference; fileEncoding = 4; lastKnownFileType = sourcecode.c.h; path = SYPPageModel.h; sourceTree = "<group>"; };
		2359ED1A1FD782A200AD4405 /* SYPBaseChartModel.h */ = {isa = PBXFileReference; fileEncoding = 4; lastKnownFileType = sourcecode.c.h; path = SYPBaseChartModel.h; sourceTree = "<group>"; };
		2359ED1B1FD782A200AD4405 /* SYPBannerModel.m */ = {isa = PBXFileReference; fileEncoding = 4; lastKnownFileType = sourcecode.c.objc; path = SYPBannerModel.m; sourceTree = "<group>"; };
		2359ED1C1FD782A200AD4405 /* SYPColourPointModel.m */ = {isa = PBXFileReference; fileEncoding = 4; lastKnownFileType = sourcecode.c.objc; path = SYPColourPointModel.m; sourceTree = "<group>"; };
		2359ED1D1FD782A200AD4405 /* SYPBargraphModel.h */ = {isa = PBXFileReference; fileEncoding = 4; lastKnownFileType = sourcecode.c.h; path = SYPBargraphModel.h; sourceTree = "<group>"; };
		2359ED1E1FD782A200AD4405 /* SYPSingleValueModel.h */ = {isa = PBXFileReference; fileEncoding = 4; lastKnownFileType = sourcecode.c.h; path = SYPSingleValueModel.h; sourceTree = "<group>"; };
		2359ED1F1FD782A200AD4405 /* SYPTablesModel.m */ = {isa = PBXFileReference; fileEncoding = 4; lastKnownFileType = sourcecode.c.objc; path = SYPTablesModel.m; sourceTree = "<group>"; };
		2359ED201FD782A200AD4405 /* SYPChartModel.m */ = {isa = PBXFileReference; fileEncoding = 4; lastKnownFileType = sourcecode.c.objc; path = SYPChartModel.m; sourceTree = "<group>"; };
		2359ED211FD782A200AD4405 /* SYPPartModel.m */ = {isa = PBXFileReference; fileEncoding = 4; lastKnownFileType = sourcecode.c.objc; path = SYPPartModel.m; sourceTree = "<group>"; };
		2359ED221FD782A200AD4405 /* SYPFilterModel.h */ = {isa = PBXFileReference; fileEncoding = 4; lastKnownFileType = sourcecode.c.h; path = SYPFilterModel.h; sourceTree = "<group>"; };
		2359ED231FD782A200AD4405 /* SYPInfoModel.m */ = {isa = PBXFileReference; fileEncoding = 4; lastKnownFileType = sourcecode.c.objc; path = SYPInfoModel.m; sourceTree = "<group>"; };
		2359ED301FD789FF00AD4405 /* SYPSheetView.h */ = {isa = PBXFileReference; fileEncoding = 4; lastKnownFileType = sourcecode.c.h; path = SYPSheetView.h; sourceTree = "<group>"; };
		2359ED311FD789FF00AD4405 /* SYPSubSheetView.h */ = {isa = PBXFileReference; fileEncoding = 4; lastKnownFileType = sourcecode.c.h; path = SYPSubSheetView.h; sourceTree = "<group>"; };
		2359ED321FD789FF00AD4405 /* SYPExcelView.m */ = {isa = PBXFileReference; fileEncoding = 4; lastKnownFileType = sourcecode.c.objc; path = SYPExcelView.m; sourceTree = "<group>"; };
		2359ED341FD789FF00AD4405 /* SYPFreezeWindowView.h */ = {isa = PBXFileReference; fileEncoding = 4; lastKnownFileType = sourcecode.c.h; path = SYPFreezeWindowView.h; sourceTree = "<group>"; };
		2359ED351FD789FF00AD4405 /* SYPRowViewCell.h */ = {isa = PBXFileReference; fileEncoding = 4; lastKnownFileType = sourcecode.c.h; path = SYPRowViewCell.h; sourceTree = "<group>"; };
		2359ED361FD789FF00AD4405 /* SYPSignView.m */ = {isa = PBXFileReference; fileEncoding = 4; lastKnownFileType = sourcecode.c.objc; path = SYPSignView.m; sourceTree = "<group>"; };
		2359ED371FD789FF00AD4405 /* SYPFreezeViewCell.m */ = {isa = PBXFileReference; fileEncoding = 4; lastKnownFileType = sourcecode.c.objc; path = SYPFreezeViewCell.m; sourceTree = "<group>"; };
		2359ED381FD789FF00AD4405 /* SYPMainViewCell.h */ = {isa = PBXFileReference; fileEncoding = 4; lastKnownFileType = sourcecode.c.h; path = SYPMainViewCell.h; sourceTree = "<group>"; };
		2359ED391FD789FF00AD4405 /* SYPSectionViewCell.h */ = {isa = PBXFileReference; fileEncoding = 4; lastKnownFileType = sourcecode.c.h; path = SYPSectionViewCell.h; sourceTree = "<group>"; };
		2359ED3A1FD789FF00AD4405 /* SYPFreezeWindowView.m */ = {isa = PBXFileReference; fileEncoding = 4; lastKnownFileType = sourcecode.c.objc; path = SYPFreezeWindowView.m; sourceTree = "<group>"; };
		2359ED3B1FD789FF00AD4405 /* SYPRowViewCell.m */ = {isa = PBXFileReference; fileEncoding = 4; lastKnownFileType = sourcecode.c.objc; path = SYPRowViewCell.m; sourceTree = "<group>"; };
		2359ED3C1FD789FF00AD4405 /* SYPFreezeViewCell.h */ = {isa = PBXFileReference; fileEncoding = 4; lastKnownFileType = sourcecode.c.h; path = SYPFreezeViewCell.h; sourceTree = "<group>"; };
		2359ED3D1FD789FF00AD4405 /* SYPSignView.h */ = {isa = PBXFileReference; fileEncoding = 4; lastKnownFileType = sourcecode.c.h; path = SYPSignView.h; sourceTree = "<group>"; };
		2359ED3E1FD789FF00AD4405 /* SYPSectionViewCell.m */ = {isa = PBXFileReference; fileEncoding = 4; lastKnownFileType = sourcecode.c.objc; path = SYPSectionViewCell.m; sourceTree = "<group>"; };
		2359ED3F1FD789FF00AD4405 /* SYPMainViewCell.m */ = {isa = PBXFileReference; fileEncoding = 4; lastKnownFileType = sourcecode.c.objc; path = SYPMainViewCell.m; sourceTree = "<group>"; };
		2359ED401FD789FF00AD4405 /* SYPSubSheetView.m */ = {isa = PBXFileReference; fileEncoding = 4; lastKnownFileType = sourcecode.c.objc; path = SYPSubSheetView.m; sourceTree = "<group>"; };
		2359ED411FD789FF00AD4405 /* SYPSheetView.m */ = {isa = PBXFileReference; fileEncoding = 4; lastKnownFileType = sourcecode.c.objc; path = SYPSheetView.m; sourceTree = "<group>"; };
		2359ED421FD789FF00AD4405 /* SYPExcelView.h */ = {isa = PBXFileReference; fileEncoding = 4; lastKnownFileType = sourcecode.c.h; path = SYPExcelView.h; sourceTree = "<group>"; };
		2359ED521FD8241200AD4405 /* template1_03-1.json */ = {isa = PBXFileReference; fileEncoding = 4; lastKnownFileType = text.json; path = "template1_03-1.json"; sourceTree = "<group>"; };
		2365205C1FD3106B006356A3 /* SYPLandscapeBarLayer.m */ = {isa = PBXFileReference; fileEncoding = 4; lastKnownFileType = sourcecode.c.objc; path = SYPLandscapeBarLayer.m; sourceTree = "<group>"; };
		2365205D1FD3106B006356A3 /* SYPLandscapeBarView.m */ = {isa = PBXFileReference; fileEncoding = 4; lastKnownFileType = sourcecode.c.objc; path = SYPLandscapeBarView.m; sourceTree = "<group>"; };
		2365205E1FD3106B006356A3 /* SYPLandscapeBarLayer.h */ = {isa = PBXFileReference; fileEncoding = 4; lastKnownFileType = sourcecode.c.h; path = SYPLandscapeBarLayer.h; sourceTree = "<group>"; };
		2365205F1FD3106B006356A3 /* SYPLandscapeBarView.h */ = {isa = PBXFileReference; fileEncoding = 4; lastKnownFileType = sourcecode.c.h; path = SYPLandscapeBarView.h; sourceTree = "<group>"; };
		236DA2911FEE611600D8342B /* UIButton+SYPPositionSwap.h */ = {isa = PBXFileReference; lastKnownFileType = sourcecode.c.h; path = "UIButton+SYPPositionSwap.h"; sourceTree = "<group>"; };
		236DA2921FEE611600D8342B /* UIButton+SYPPositionSwap.m */ = {isa = PBXFileReference; lastKnownFileType = sourcecode.c.objc; path = "UIButton+SYPPositionSwap.m"; sourceTree = "<group>"; };
		23A146D01FD4E66700F9BC5B /* SYPClickableLineView.m */ = {isa = PBXFileReference; fileEncoding = 4; lastKnownFileType = sourcecode.c.objc; path = SYPClickableLineView.m; sourceTree = "<group>"; };
		23A146D11FD4E66700F9BC5B /* SYPClickableLineLayer.h */ = {isa = PBXFileReference; fileEncoding = 4; lastKnownFileType = sourcecode.c.h; path = SYPClickableLineLayer.h; sourceTree = "<group>"; };
		23A146D21FD4E66700F9BC5B /* SYPClickableLineView.h */ = {isa = PBXFileReference; fileEncoding = 4; lastKnownFileType = sourcecode.c.h; path = SYPClickableLineView.h; sourceTree = "<group>"; };
		23A146D31FD4E66700F9BC5B /* SYPClickableLineLayer.m */ = {isa = PBXFileReference; fileEncoding = 4; lastKnownFileType = sourcecode.c.objc; path = SYPClickableLineLayer.m; sourceTree = "<group>"; };
		23A285931FD14D9700360E7E /* SYPBannerView.m */ = {isa = PBXFileReference; fileEncoding = 4; lastKnownFileType = sourcecode.c.objc; path = SYPBannerView.m; sourceTree = "<group>"; };
		23A285941FD14D9700360E7E /* SYPBannerView.h */ = {isa = PBXFileReference; fileEncoding = 4; lastKnownFileType = sourcecode.c.h; path = SYPBannerView.h; sourceTree = "<group>"; };
		23A285971FD14DE600360E7E /* SYPHelpInfoView.h */ = {isa = PBXFileReference; fileEncoding = 4; lastKnownFileType = sourcecode.c.h; path = SYPHelpInfoView.h; sourceTree = "<group>"; };
		23A285981FD14DE600360E7E /* SYPHelpInfoView.m */ = {isa = PBXFileReference; fileEncoding = 4; lastKnownFileType = sourcecode.c.objc; path = SYPHelpInfoView.m; sourceTree = "<group>"; };
		23A2859B1FD15B7C00360E7E /* SYPInfoView.h */ = {isa = PBXFileReference; fileEncoding = 4; lastKnownFileType = sourcecode.c.h; path = SYPInfoView.h; sourceTree = "<group>"; };
		23A2859C1FD15B7C00360E7E /* SYPInfoView.m */ = {isa = PBXFileReference; fileEncoding = 4; lastKnownFileType = sourcecode.c.objc; path = SYPInfoView.m; sourceTree = "<group>"; };
		23C20CE71FD93DCC001BC1FA /* SYPFilterPopView.h */ = {isa = PBXFileReference; lastKnownFileType = sourcecode.c.h; path = SYPFilterPopView.h; sourceTree = "<group>"; };
		23C20CE81FD93DCC001BC1FA /* SYPFilterPopView.m */ = {isa = PBXFileReference; lastKnownFileType = sourcecode.c.objc; path = SYPFilterPopView.m; sourceTree = "<group>"; };
		23C20CEA1FD93F0A001BC1FA /* SYPTabController.h */ = {isa = PBXFileReference; lastKnownFileType = sourcecode.c.h; path = SYPTabController.h; sourceTree = "<group>"; };
		23C20CEB1FD93F0A001BC1FA /* SYPTabController.m */ = {isa = PBXFileReference; lastKnownFileType = sourcecode.c.objc; path = SYPTabController.m; sourceTree = "<group>"; };
		23C20CED1FD942DF001BC1FA /* SYPTabButton.h */ = {isa = PBXFileReference; lastKnownFileType = sourcecode.c.h; path = SYPTabButton.h; sourceTree = "<group>"; };
		23C20CEE1FD942DF001BC1FA /* SYPTabButton.m */ = {isa = PBXFileReference; lastKnownFileType = sourcecode.c.objc; path = SYPTabButton.m; sourceTree = "<group>"; };
		23C9B4331FD924A200CC57ED /* SYPFilterView.h */ = {isa = PBXFileReference; lastKnownFileType = sourcecode.c.h; path = SYPFilterView.h; sourceTree = "<group>"; };
		23C9B4341FD924A200CC57ED /* SYPFilterView.m */ = {isa = PBXFileReference; lastKnownFileType = sourcecode.c.objc; path = SYPFilterView.m; sourceTree = "<group>"; };
		23C9B4361FD9273900CC57ED /* pop_screen@3x.png */ = {isa = PBXFileReference; lastKnownFileType = image.png; path = "pop_screen@3x.png"; sourceTree = "<group>"; };
		23C9B4371FD9273900CC57ED /* pop_screen@2x.png */ = {isa = PBXFileReference; lastKnownFileType = image.png; path = "pop_screen@2x.png"; sourceTree = "<group>"; };
		23D9AD731FD97BAE00DF93B6 /* SYPFilterListView.h */ = {isa = PBXFileReference; lastKnownFileType = sourcecode.c.h; path = SYPFilterListView.h; sourceTree = "<group>"; };
		23D9AD741FD97BAE00DF93B6 /* SYPFilterListView.m */ = {isa = PBXFileReference; lastKnownFileType = sourcecode.c.objc; path = SYPFilterListView.m; sourceTree = "<group>"; };
		23D9AD761FDA6B8700DF93B6 /* SYPFilterListViewCell.h */ = {isa = PBXFileReference; lastKnownFileType = sourcecode.c.h; path = SYPFilterListViewCell.h; sourceTree = "<group>"; };
		23D9AD771FDA6B8700DF93B6 /* SYPFilterListViewCell.m */ = {isa = PBXFileReference; lastKnownFileType = sourcecode.c.objc; path = SYPFilterListViewCell.m; sourceTree = "<group>"; };
		23D9AD821FDA873900DF93B6 /* SYPPartView.m */ = {isa = PBXFileReference; fileEncoding = 4; lastKnownFileType = sourcecode.c.objc; path = SYPPartView.m; sourceTree = "<group>"; };
		23D9AD831FDA873900DF93B6 /* SYPPageView.h */ = {isa = PBXFileReference; fileEncoding = 4; lastKnownFileType = sourcecode.c.h; path = SYPPageView.h; sourceTree = "<group>"; };
		23D9AD841FDA873900DF93B6 /* SYPPartViewCell.h */ = {isa = PBXFileReference; fileEncoding = 4; lastKnownFileType = sourcecode.c.h; path = SYPPartViewCell.h; sourceTree = "<group>"; };
		23D9AD851FDA873900DF93B6 /* SYPPageView.m */ = {isa = PBXFileReference; fileEncoding = 4; lastKnownFileType = sourcecode.c.objc; path = SYPPageView.m; sourceTree = "<group>"; };
		23D9AD861FDA873900DF93B6 /* SYPPartView.h */ = {isa = PBXFileReference; fileEncoding = 4; lastKnownFileType = sourcecode.c.h; path = SYPPartView.h; sourceTree = "<group>"; };
		23D9AD871FDA873900DF93B6 /* SYPPartViewCell.m */ = {isa = PBXFileReference; fileEncoding = 4; lastKnownFileType = sourcecode.c.objc; path = SYPPartViewCell.m; sourceTree = "<group>"; };
		23D9AD911FDC3F2F00DF93B6 /* SYPFirstViewController.h */ = {isa = PBXFileReference; lastKnownFileType = sourcecode.c.h; path = SYPFirstViewController.h; sourceTree = "<group>"; };
		23D9AD921FDC3F2F00DF93B6 /* SYPFirstViewController.m */ = {isa = PBXFileReference; lastKnownFileType = sourcecode.c.objc; path = SYPFirstViewController.m; sourceTree = "<group>"; };
		23EAD23B1FD1303100B8A488 /* 报表和MJExtension.app */ = {isa = PBXFileReference; explicitFileType = wrapper.application; includeInIndex = 0; path = "报表和MJExtension.app"; sourceTree = BUILT_PRODUCTS_DIR; };
		23EAD23E1FD1303100B8A488 /* AppDelegate.h */ = {isa = PBXFileReference; lastKnownFileType = sourcecode.c.h; path = AppDelegate.h; sourceTree = "<group>"; };
		23EAD23F1FD1303100B8A488 /* AppDelegate.m */ = {isa = PBXFileReference; lastKnownFileType = sourcecode.c.objc; path = AppDelegate.m; sourceTree = "<group>"; };
		23EAD2411FD1303100B8A488 /* ViewController.h */ = {isa = PBXFileReference; lastKnownFileType = sourcecode.c.h; path = ViewController.h; sourceTree = "<group>"; };
		23EAD2421FD1303100B8A488 /* ViewController.m */ = {isa = PBXFileReference; lastKnownFileType = sourcecode.c.objc; path = ViewController.m; sourceTree = "<group>"; };
		23EAD2451FD1303100B8A488 /* Base */ = {isa = PBXFileReference; lastKnownFileType = file.storyboard; name = Base; path = Base.lproj/Main.storyboard; sourceTree = "<group>"; };
		23EAD2471FD1303100B8A488 /* Assets.xcassets */ = {isa = PBXFileReference; lastKnownFileType = folder.assetcatalog; path = Assets.xcassets; sourceTree = "<group>"; };
		23EAD24A1FD1303100B8A488 /* Base */ = {isa = PBXFileReference; lastKnownFileType = file.storyboard; name = Base; path = Base.lproj/LaunchScreen.storyboard; sourceTree = "<group>"; };
		23EAD24C1FD1303100B8A488 /* Info.plist */ = {isa = PBXFileReference; lastKnownFileType = text.plist.xml; path = Info.plist; sourceTree = "<group>"; };
		23EAD24D1FD1303100B8A488 /* main.m */ = {isa = PBXFileReference; lastKnownFileType = sourcecode.c.objc; path = main.m; sourceTree = "<group>"; };
		23EAD26C1FD1305E00B8A488 /* MJPropertyKey.h */ = {isa = PBXFileReference; fileEncoding = 4; lastKnownFileType = sourcecode.c.h; path = MJPropertyKey.h; sourceTree = "<group>"; };
		23EAD26D1FD1305E00B8A488 /* NSObject+MJClass.h */ = {isa = PBXFileReference; fileEncoding = 4; lastKnownFileType = sourcecode.c.h; path = "NSObject+MJClass.h"; sourceTree = "<group>"; };
		23EAD26E1FD1305E00B8A488 /* NSString+MJExtension.h */ = {isa = PBXFileReference; fileEncoding = 4; lastKnownFileType = sourcecode.c.h; path = "NSString+MJExtension.h"; sourceTree = "<group>"; };
		23EAD26F1FD1305E00B8A488 /* MJPropertyType.m */ = {isa = PBXFileReference; fileEncoding = 4; lastKnownFileType = sourcecode.c.objc; path = MJPropertyType.m; sourceTree = "<group>"; };
		23EAD2701FD1305E00B8A488 /* NSObject+MJProperty.h */ = {isa = PBXFileReference; fileEncoding = 4; lastKnownFileType = sourcecode.c.h; path = "NSObject+MJProperty.h"; sourceTree = "<group>"; };
		23EAD2711FD1305E00B8A488 /* MJExtensionConst.h */ = {isa = PBXFileReference; fileEncoding = 4; lastKnownFileType = sourcecode.c.h; path = MJExtensionConst.h; sourceTree = "<group>"; };
		23EAD2721FD1305E00B8A488 /* NSObject+MJKeyValue.m */ = {isa = PBXFileReference; fileEncoding = 4; lastKnownFileType = sourcecode.c.objc; path = "NSObject+MJKeyValue.m"; sourceTree = "<group>"; };
		23EAD2731FD1305E00B8A488 /* MJProperty.m */ = {isa = PBXFileReference; fileEncoding = 4; lastKnownFileType = sourcecode.c.objc; path = MJProperty.m; sourceTree = "<group>"; };
		23EAD2741FD1305E00B8A488 /* MJFoundation.h */ = {isa = PBXFileReference; fileEncoding = 4; lastKnownFileType = sourcecode.c.h; path = MJFoundation.h; sourceTree = "<group>"; };
		23EAD2751FD1305E00B8A488 /* NSObject+MJCoding.m */ = {isa = PBXFileReference; fileEncoding = 4; lastKnownFileType = sourcecode.c.objc; path = "NSObject+MJCoding.m"; sourceTree = "<group>"; };
		23EAD2761FD1305E00B8A488 /* MJExtension.h */ = {isa = PBXFileReference; fileEncoding = 4; lastKnownFileType = sourcecode.c.h; path = MJExtension.h; sourceTree = "<group>"; };
		23EAD2771FD1305E00B8A488 /* MJExtensionConst.m */ = {isa = PBXFileReference; fileEncoding = 4; lastKnownFileType = sourcecode.c.objc; path = MJExtensionConst.m; sourceTree = "<group>"; };
		23EAD2781FD1305E00B8A488 /* NSObject+MJProperty.m */ = {isa = PBXFileReference; fileEncoding = 4; lastKnownFileType = sourcecode.c.objc; path = "NSObject+MJProperty.m"; sourceTree = "<group>"; };
		23EAD2791FD1305E00B8A488 /* MJPropertyType.h */ = {isa = PBXFileReference; fileEncoding = 4; lastKnownFileType = sourcecode.c.h; path = MJPropertyType.h; sourceTree = "<group>"; };
		23EAD27A1FD1305E00B8A488 /* NSObject+MJClass.m */ = {isa = PBXFileReference; fileEncoding = 4; lastKnownFileType = sourcecode.c.objc; path = "NSObject+MJClass.m"; sourceTree = "<group>"; };
		23EAD27B1FD1305E00B8A488 /* NSString+MJExtension.m */ = {isa = PBXFileReference; fileEncoding = 4; lastKnownFileType = sourcecode.c.objc; path = "NSString+MJExtension.m"; sourceTree = "<group>"; };
		23EAD27C1FD1305E00B8A488 /* MJPropertyKey.m */ = {isa = PBXFileReference; fileEncoding = 4; lastKnownFileType = sourcecode.c.objc; path = MJPropertyKey.m; sourceTree = "<group>"; };
		23EAD27D1FD1305E00B8A488 /* MJProperty.h */ = {isa = PBXFileReference; fileEncoding = 4; lastKnownFileType = sourcecode.c.h; path = MJProperty.h; sourceTree = "<group>"; };
		23EAD27E1FD1305E00B8A488 /* NSObject+MJKeyValue.h */ = {isa = PBXFileReference; fileEncoding = 4; lastKnownFileType = sourcecode.c.h; path = "NSObject+MJKeyValue.h"; sourceTree = "<group>"; };
		23EAD27F1FD1305E00B8A488 /* NSObject+MJCoding.h */ = {isa = PBXFileReference; fileEncoding = 4; lastKnownFileType = sourcecode.c.h; path = "NSObject+MJCoding.h"; sourceTree = "<group>"; };
		23EAD2801FD1305E00B8A488 /* Info.plist */ = {isa = PBXFileReference; fileEncoding = 4; lastKnownFileType = text.plist.xml; path = Info.plist; sourceTree = "<group>"; };
		23EAD2811FD1305E00B8A488 /* MJFoundation.m */ = {isa = PBXFileReference; fileEncoding = 4; lastKnownFileType = sourcecode.c.objc; path = MJFoundation.m; sourceTree = "<group>"; };
		23EAD28F1FD1309500B8A488 /* SYPBaseComponentView.h */ = {isa = PBXFileReference; fileEncoding = 4; lastKnownFileType = sourcecode.c.h; path = SYPBaseComponentView.h; sourceTree = "<group>"; };
		23EAD2901FD1309500B8A488 /* SYPBaseComponentLayer.m */ = {isa = PBXFileReference; fileEncoding = 4; lastKnownFileType = sourcecode.c.objc; path = SYPBaseComponentLayer.m; sourceTree = "<group>"; };
		23EAD2911FD1309500B8A488 /* SYPBaseComponentView.m */ = {isa = PBXFileReference; fileEncoding = 4; lastKnownFileType = sourcecode.c.objc; path = SYPBaseComponentView.m; sourceTree = "<group>"; };
		23EAD2921FD1309500B8A488 /* SYPBaseComponentLayer.h */ = {isa = PBXFileReference; fileEncoding = 4; lastKnownFileType = sourcecode.c.h; path = SYPBaseComponentLayer.h; sourceTree = "<group>"; };
		23EAD2DC1FD1309500B8A488 /* SYPCompareSaleView.m */ = {isa = PBXFileReference; fileEncoding = 4; lastKnownFileType = sourcecode.c.objc; path = SYPCompareSaleView.m; sourceTree = "<group>"; };
		23EAD2DE1FD1309500B8A488 /* SYPCompareSaleView.h */ = {isa = PBXFileReference; fileEncoding = 4; lastKnownFileType = sourcecode.c.h; path = SYPCompareSaleView.h; sourceTree = "<group>"; };
		23EAD3021FD1309A00B8A488 /* SYPBlockButton.m */ = {isa = PBXFileReference; fileEncoding = 4; lastKnownFileType = sourcecode.c.objc; path = SYPBlockButton.m; sourceTree = "<group>"; };
		23EAD3031FD1309A00B8A488 /* SYPInvertView.h */ = {isa = PBXFileReference; fileEncoding = 4; lastKnownFileType = sourcecode.c.h; path = SYPInvertView.h; sourceTree = "<group>"; };
		23EAD3041FD1309A00B8A488 /* SYPTrendTypeImageView.m */ = {isa = PBXFileReference; fileEncoding = 4; lastKnownFileType = sourcecode.c.objc; path = SYPTrendTypeImageView.m; sourceTree = "<group>"; };
		23EAD3051FD1309A00B8A488 /* SYPHudView.m */ = {isa = PBXFileReference; fileEncoding = 4; lastKnownFileType = sourcecode.c.objc; path = SYPHudView.m; sourceTree = "<group>"; };
		23EAD3061FD1309A00B8A488 /* SYPBlockButton.h */ = {isa = PBXFileReference; fileEncoding = 4; lastKnownFileType = sourcecode.c.h; path = SYPBlockButton.h; sourceTree = "<group>"; };
		23EAD3071FD1309A00B8A488 /* SYPInvertView.m */ = {isa = PBXFileReference; fileEncoding = 4; lastKnownFileType = sourcecode.c.objc; path = SYPInvertView.m; sourceTree = "<group>"; };
		23EAD3081FD1309A00B8A488 /* SYPHudView.h */ = {isa = PBXFileReference; fileEncoding = 4; lastKnownFileType = sourcecode.c.h; path = SYPHudView.h; sourceTree = "<group>"; };
		23EAD3091FD1309A00B8A488 /* SYPTrendTypeImageView.h */ = {isa = PBXFileReference; fileEncoding = 4; lastKnownFileType = sourcecode.c.h; path = SYPTrendTypeImageView.h; sourceTree = "<group>"; };
		23EAD30B1FD1309A00B8A488 /* SYPCursor.h */ = {isa = PBXFileReference; fileEncoding = 4; lastKnownFileType = sourcecode.c.h; path = SYPCursor.h; sourceTree = "<group>"; };
		23EAD30C1FD1309A00B8A488 /* SYPScrollNavBar.m */ = {isa = PBXFileReference; fileEncoding = 4; lastKnownFileType = sourcecode.c.objc; path = SYPScrollNavBar.m; sourceTree = "<group>"; };
		23EAD30D1FD1309A00B8A488 /* UIView+Extension.h */ = {isa = PBXFileReference; fileEncoding = 4; lastKnownFileType = sourcecode.c.h; path = "UIView+Extension.h"; sourceTree = "<group>"; };
		23EAD30F1FD1309A00B8A488 /* SYPRootScrollView.h */ = {isa = PBXFileReference; fileEncoding = 4; lastKnownFileType = sourcecode.c.h; path = SYPRootScrollView.h; sourceTree = "<group>"; };
		23EAD3101FD1309A00B8A488 /* SYPRootScrollViewCell.m */ = {isa = PBXFileReference; fileEncoding = 4; lastKnownFileType = sourcecode.c.objc; path = SYPRootScrollViewCell.m; sourceTree = "<group>"; };
		23EAD3111FD1309A00B8A488 /* SYPRootScrollViewManager.h */ = {isa = PBXFileReference; fileEncoding = 4; lastKnownFileType = sourcecode.c.h; path = SYPRootScrollViewManager.h; sourceTree = "<group>"; };
		23EAD3121FD1309A00B8A488 /* SYPRootScrollViewCell.h */ = {isa = PBXFileReference; fileEncoding = 4; lastKnownFileType = sourcecode.c.h; path = SYPRootScrollViewCell.h; sourceTree = "<group>"; };
		23EAD3131FD1309A00B8A488 /* SYPRootScrollView.m */ = {isa = PBXFileReference; fileEncoding = 4; lastKnownFileType = sourcecode.c.objc; path = SYPRootScrollView.m; sourceTree = "<group>"; };
		23EAD3141FD1309A00B8A488 /* SYPRootScrollViewManager.m */ = {isa = PBXFileReference; fileEncoding = 4; lastKnownFileType = sourcecode.c.objc; path = SYPRootScrollViewManager.m; sourceTree = "<group>"; };
		23EAD3151FD1309A00B8A488 /* SYPAnimationTool.m */ = {isa = PBXFileReference; fileEncoding = 4; lastKnownFileType = sourcecode.c.objc; path = SYPAnimationTool.m; sourceTree = "<group>"; };
		23EAD3181FD1309A00B8A488 /* SYPItemManager.h */ = {isa = PBXFileReference; fileEncoding = 4; lastKnownFileType = sourcecode.c.h; path = SYPItemManager.h; sourceTree = "<group>"; };
		23EAD31A1FD1309A00B8A488 /* SYPCursor.m */ = {isa = PBXFileReference; fileEncoding = 4; lastKnownFileType = sourcecode.c.objc; path = SYPCursor.m; sourceTree = "<group>"; };
		23EAD31B1FD1309A00B8A488 /* SYPScrollNavBar.h */ = {isa = PBXFileReference; fileEncoding = 4; lastKnownFileType = sourcecode.c.h; path = SYPScrollNavBar.h; sourceTree = "<group>"; };
		23EAD31D1FD1309A00B8A488 /* SYPAnimationTool.h */ = {isa = PBXFileReference; fileEncoding = 4; lastKnownFileType = sourcecode.c.h; path = SYPAnimationTool.h; sourceTree = "<group>"; };
		23EAD31E1FD1309A00B8A488 /* UIView+Extension.m */ = {isa = PBXFileReference; fileEncoding = 4; lastKnownFileType = sourcecode.c.objc; path = "UIView+Extension.m"; sourceTree = "<group>"; };
		23EAD3201FD1309A00B8A488 /* SYPItemManager.m */ = {isa = PBXFileReference; fileEncoding = 4; lastKnownFileType = sourcecode.c.objc; path = SYPItemManager.m; sourceTree = "<group>"; };
		23EAD3321FD130A600B8A488 /* NSTimer+SYPTimer.m */ = {isa = PBXFileReference; fileEncoding = 4; lastKnownFileType = sourcecode.c.objc; path = "NSTimer+SYPTimer.m"; sourceTree = "<group>"; };
		23EAD3331FD130A600B8A488 /* UIColor+SYPUtility.m */ = {isa = PBXFileReference; fileEncoding = 4; lastKnownFileType = sourcecode.c.objc; path = "UIColor+SYPUtility.m"; sourceTree = "<group>"; };
		23EAD3341FD130A600B8A488 /* NSTimer+SYPTimer.h */ = {isa = PBXFileReference; fileEncoding = 4; lastKnownFileType = sourcecode.c.h; path = "NSTimer+SYPTimer.h"; sourceTree = "<group>"; };
		23EAD3351FD130A600B8A488 /* UIColor+SYPUtility.h */ = {isa = PBXFileReference; fileEncoding = 4; lastKnownFileType = sourcecode.c.h; path = "UIColor+SYPUtility.h"; sourceTree = "<group>"; };
		23EAD3371FD130A600B8A488 /* SYPConstantColor.h */ = {isa = PBXFileReference; fileEncoding = 4; lastKnownFileType = sourcecode.c.h; path = SYPConstantColor.h; sourceTree = "<group>"; };
		23EAD3381FD130A600B8A488 /* SYPConstantHeaderFile.h */ = {isa = PBXFileReference; fileEncoding = 4; lastKnownFileType = sourcecode.c.h; path = SYPConstantHeaderFile.h; sourceTree = "<group>"; };
		23EAD3391FD130A600B8A488 /* SYPConstantString.h */ = {isa = PBXFileReference; fileEncoding = 4; lastKnownFileType = sourcecode.c.h; path = SYPConstantString.h; sourceTree = "<group>"; };
		23EAD33A1FD130A600B8A488 /* SYPConstantEnum.h */ = {isa = PBXFileReference; fileEncoding = 4; lastKnownFileType = sourcecode.c.h; path = SYPConstantEnum.h; sourceTree = "<group>"; };
		23EAD33B1FD130A600B8A488 /* SYPConstantSize.h */ = {isa = PBXFileReference; fileEncoding = 4; lastKnownFileType = sourcecode.c.h; path = SYPConstantSize.h; sourceTree = "<group>"; };
		23EAD33E1FD130A600B8A488 /* template1_05.json */ = {isa = PBXFileReference; fileEncoding = 4; lastKnownFileType = text.json; path = template1_05.json; sourceTree = "<group>"; };
		23EAD33F1FD130A600B8A488 /* template1_04.json */ = {isa = PBXFileReference; fileEncoding = 4; lastKnownFileType = text.json; path = template1_04.json; sourceTree = "<group>"; };
		23EAD3401FD130A600B8A488 /* template1_03.json */ = {isa = PBXFileReference; fileEncoding = 4; lastKnownFileType = text.json; path = template1_03.json; sourceTree = "<group>"; };
		23EAD3411FD130A600B8A488 /* template1_02.json */ = {isa = PBXFileReference; fileEncoding = 4; lastKnownFileType = text.json; path = template1_02.json; sourceTree = "<group>"; };
		23EAD3421FD130A600B8A488 /* template1_01.json */ = {isa = PBXFileReference; fileEncoding = 4; lastKnownFileType = text.json; path = template1_01.json; sourceTree = "<group>"; };
		23EAD3441FD130A600B8A488 /* template1_06.json */ = {isa = PBXFileReference; fileEncoding = 4; lastKnownFileType = text.json; path = template1_06.json; sourceTree = "<group>"; };
		23EAD34A1FD130A600B8A488 /* down_yellowarrow.png */ = {isa = PBXFileReference; lastKnownFileType = image.png; path = down_yellowarrow.png; sourceTree = "<group>"; };
		23EAD34B1FD130A600B8A488 /* pop_close@2x.png */ = {isa = PBXFileReference; lastKnownFileType = image.png; path = "pop_close@2x.png"; sourceTree = "<group>"; };
		23EAD34C1FD130A600B8A488 /* pop_close@3x.png */ = {isa = PBXFileReference; lastKnownFileType = image.png; path = "pop_close@3x.png"; sourceTree = "<group>"; };
		23EAD34D1FD130A600B8A488 /* up_yellowarrow.png */ = {isa = PBXFileReference; lastKnownFileType = image.png; path = up_yellowarrow.png; sourceTree = "<group>"; };
		23EAD34E1FD130A600B8A488 /* up_redarrow.png */ = {isa = PBXFileReference; lastKnownFileType = image.png; path = up_redarrow.png; sourceTree = "<group>"; };
		23EAD34F1FD130A600B8A488 /* up_greenarrow.png */ = {isa = PBXFileReference; lastKnownFileType = image.png; path = up_greenarrow.png; sourceTree = "<group>"; };
		23EAD3501FD130A600B8A488 /* icon_sort@2x.png */ = {isa = PBXFileReference; lastKnownFileType = image.png; path = "icon_sort@2x.png"; sourceTree = "<group>"; };
		23EAD3511FD130A600B8A488 /* icon_array@3x.png */ = {isa = PBXFileReference; lastKnownFileType = image.png; path = "icon_array@3x.png"; sourceTree = "<group>"; };
		23EAD3521FD130A600B8A488 /* down_greenarrow.png */ = {isa = PBXFileReference; lastKnownFileType = image.png; path = down_greenarrow.png; sourceTree = "<group>"; };
		23EAD3531FD130A600B8A488 /* down_redarrow.png */ = {isa = PBXFileReference; lastKnownFileType = image.png; path = down_redarrow.png; sourceTree = "<group>"; };
		23EAD3541FD130A600B8A488 /* icon_array@2x.png */ = {isa = PBXFileReference; lastKnownFileType = image.png; path = "icon_array@2x.png"; sourceTree = "<group>"; };
		23EAD3551FD130A600B8A488 /* icon_sort@3x.png */ = {isa = PBXFileReference; lastKnownFileType = image.png; path = "icon_sort@3x.png"; sourceTree = "<group>"; };
		23F86BB01FECFEF800478027 /* MASCompositeConstraint.h */ = {isa = PBXFileReference; fileEncoding = 4; lastKnownFileType = sourcecode.c.h; path = MASCompositeConstraint.h; sourceTree = "<group>"; };
		23F86BB11FECFEF800478027 /* NSLayoutConstraint+MASDebugAdditions.m */ = {isa = PBXFileReference; fileEncoding = 4; lastKnownFileType = sourcecode.c.objc; path = "NSLayoutConstraint+MASDebugAdditions.m"; sourceTree = "<group>"; };
		23F86BB21FECFEF800478027 /* MASConstraint+Private.h */ = {isa = PBXFileReference; fileEncoding = 4; lastKnownFileType = sourcecode.c.h; path = "MASConstraint+Private.h"; sourceTree = "<group>"; };
		23F86BB31FECFEF800478027 /* MASLayoutConstraint.h */ = {isa = PBXFileReference; fileEncoding = 4; lastKnownFileType = sourcecode.c.h; path = MASLayoutConstraint.h; sourceTree = "<group>"; };
		23F86BB41FECFEF800478027 /* NSArray+MASShorthandAdditions.h */ = {isa = PBXFileReference; fileEncoding = 4; lastKnownFileType = sourcecode.c.h; path = "NSArray+MASShorthandAdditions.h"; sourceTree = "<group>"; };
		23F86BB51FECFEF800478027 /* MASConstraintMaker.h */ = {isa = PBXFileReference; fileEncoding = 4; lastKnownFileType = sourcecode.c.h; path = MASConstraintMaker.h; sourceTree = "<group>"; };
		23F86BB61FECFEF800478027 /* View+MASAdditions.h */ = {isa = PBXFileReference; fileEncoding = 4; lastKnownFileType = sourcecode.c.h; path = "View+MASAdditions.h"; sourceTree = "<group>"; };
		23F86BB71FECFEF800478027 /* NSArray+MASAdditions.h */ = {isa = PBXFileReference; fileEncoding = 4; lastKnownFileType = sourcecode.c.h; path = "NSArray+MASAdditions.h"; sourceTree = "<group>"; };
		23F86BB81FECFEF800478027 /* MASUtilities.h */ = {isa = PBXFileReference; fileEncoding = 4; lastKnownFileType = sourcecode.c.h; path = MASUtilities.h; sourceTree = "<group>"; };
		23F86BB91FECFEF800478027 /* MASViewAttribute.h */ = {isa = PBXFileReference; fileEncoding = 4; lastKnownFileType = sourcecode.c.h; path = MASViewAttribute.h; sourceTree = "<group>"; };
		23F86BBA1FECFEF800478027 /* ViewController+MASAdditions.m */ = {isa = PBXFileReference; fileEncoding = 4; lastKnownFileType = sourcecode.c.objc; path = "ViewController+MASAdditions.m"; sourceTree = "<group>"; };
		23F86BBB1FECFEF800478027 /* MASViewConstraint.h */ = {isa = PBXFileReference; fileEncoding = 4; lastKnownFileType = sourcecode.c.h; path = MASViewConstraint.h; sourceTree = "<group>"; };
		23F86BBC1FECFEF800478027 /* MASConstraint.h */ = {isa = PBXFileReference; fileEncoding = 4; lastKnownFileType = sourcecode.c.h; path = MASConstraint.h; sourceTree = "<group>"; };
		23F86BBD1FECFEF800478027 /* NSLayoutConstraint+MASDebugAdditions.h */ = {isa = PBXFileReference; fileEncoding = 4; lastKnownFileType = sourcecode.c.h; path = "NSLayoutConstraint+MASDebugAdditions.h"; sourceTree = "<group>"; };
		23F86BBE1FECFEF800478027 /* MASCompositeConstraint.m */ = {isa = PBXFileReference; fileEncoding = 4; lastKnownFileType = sourcecode.c.objc; path = MASCompositeConstraint.m; sourceTree = "<group>"; };
		23F86BBF1FECFEF800478027 /* MASConstraintMaker.m */ = {isa = PBXFileReference; fileEncoding = 4; lastKnownFileType = sourcecode.c.objc; path = MASConstraintMaker.m; sourceTree = "<group>"; };
		23F86BC01FECFEF800478027 /* MASLayoutConstraint.m */ = {isa = PBXFileReference; fileEncoding = 4; lastKnownFileType = sourcecode.c.objc; path = MASLayoutConstraint.m; sourceTree = "<group>"; };
		23F86BC11FECFEF800478027 /* NSArray+MASAdditions.m */ = {isa = PBXFileReference; fileEncoding = 4; lastKnownFileType = sourcecode.c.objc; path = "NSArray+MASAdditions.m"; sourceTree = "<group>"; };
		23F86BC21FECFEF800478027 /* View+MASAdditions.m */ = {isa = PBXFileReference; fileEncoding = 4; lastKnownFileType = sourcecode.c.objc; path = "View+MASAdditions.m"; sourceTree = "<group>"; };
		23F86BC31FECFEF800478027 /* View+MASShorthandAdditions.h */ = {isa = PBXFileReference; fileEncoding = 4; lastKnownFileType = sourcecode.c.h; path = "View+MASShorthandAdditions.h"; sourceTree = "<group>"; };
		23F86BC41FECFEF800478027 /* Masonry.h */ = {isa = PBXFileReference; fileEncoding = 4; lastKnownFileType = sourcecode.c.h; path = Masonry.h; sourceTree = "<group>"; };
		23F86BC51FECFEF800478027 /* MASConstraint.m */ = {isa = PBXFileReference; fileEncoding = 4; lastKnownFileType = sourcecode.c.objc; path = MASConstraint.m; sourceTree = "<group>"; };
		23F86BC61FECFEF800478027 /* ViewController+MASAdditions.h */ = {isa = PBXFileReference; fileEncoding = 4; lastKnownFileType = sourcecode.c.h; path = "ViewController+MASAdditions.h"; sourceTree = "<group>"; };
		23F86BC71FECFEF800478027 /* MASViewConstraint.m */ = {isa = PBXFileReference; fileEncoding = 4; lastKnownFileType = sourcecode.c.objc; path = MASViewConstraint.m; sourceTree = "<group>"; };
		23F86BC81FECFEF800478027 /* MASViewAttribute.m */ = {isa = PBXFileReference; fileEncoding = 4; lastKnownFileType = sourcecode.c.objc; path = MASViewAttribute.m; sourceTree = "<group>"; };
		23F86BC91FECFEF800478027 /* Info.plist */ = {isa = PBXFileReference; fileEncoding = 4; lastKnownFileType = text.plist.xml; path = Info.plist; sourceTree = "<group>"; };
/* End PBXFileReference section */

/* Begin PBXFrameworksBuildPhase section */
		23EAD2381FD1303100B8A488 /* Frameworks */ = {
			isa = PBXFrameworksBuildPhase;
			buildActionMask = 2147483647;
			files = (
			);
			runOnlyForDeploymentPostprocessing = 0;
		};
/* End PBXFrameworksBuildPhase section */

/* Begin PBXGroup section */
		2359ED0D1FD782A200AD4405 /* Model */ = {
			isa = PBXGroup;
			children = (
				2359ED191FD782A200AD4405 /* SYPPageModel.h */,
				2359ED0F1FD782A200AD4405 /* SYPPageModel.m */,
				2359ED221FD782A200AD4405 /* SYPFilterModel.h */,
				2359ED171FD782A200AD4405 /* SYPFilterModel.m */,
				2359ED181FD782A200AD4405 /* SYPPartModel.h */,
				2359ED211FD782A200AD4405 /* SYPPartModel.m */,
				2359ED121FD782A200AD4405 /* SYPColourPointModel.h */,
				2359ED1C1FD782A200AD4405 /* SYPColourPointModel.m */,
				2359ED1A1FD782A200AD4405 /* SYPBaseChartModel.h */,
				2359ED0E1FD782A200AD4405 /* SYPBaseChartModel.m */,
				2359ED151FD782A200AD4405 /* SYPTablesModel.h */,
				2359ED1F1FD782A200AD4405 /* SYPTablesModel.m */,
				2359ED161FD782A200AD4405 /* SYPInfoModel.h */,
				2359ED231FD782A200AD4405 /* SYPInfoModel.m */,
				2359ED131FD782A200AD4405 /* SYPBannerModel.h */,
				2359ED1B1FD782A200AD4405 /* SYPBannerModel.m */,
				2359ED1D1FD782A200AD4405 /* SYPBargraphModel.h */,
				2359ED111FD782A200AD4405 /* SYPBargraphModel.m */,
				2359ED1E1FD782A200AD4405 /* SYPSingleValueModel.h */,
				2359ED101FD782A200AD4405 /* SYPSingleValueModel.m */,
				2359ED141FD782A200AD4405 /* SYPChartModel.h */,
				2359ED201FD782A200AD4405 /* SYPChartModel.m */,
			);
			path = Model;
			sourceTree = "<group>";
		};
		2359ED2F1FD789FF00AD4405 /* Excel */ = {
			isa = PBXGroup;
			children = (
				2359ED331FD789FF00AD4405 /* FreezeWindowView */,
				2359ED421FD789FF00AD4405 /* SYPExcelView.h */,
				2359ED321FD789FF00AD4405 /* SYPExcelView.m */,
				2359ED301FD789FF00AD4405 /* SYPSheetView.h */,
				2359ED411FD789FF00AD4405 /* SYPSheetView.m */,
				2359ED311FD789FF00AD4405 /* SYPSubSheetView.h */,
				2359ED401FD789FF00AD4405 /* SYPSubSheetView.m */,
			);
			path = Excel;
			sourceTree = "<group>";
		};
		2359ED331FD789FF00AD4405 /* FreezeWindowView */ = {
			isa = PBXGroup;
			children = (
				2359ED341FD789FF00AD4405 /* SYPFreezeWindowView.h */,
				2359ED3A1FD789FF00AD4405 /* SYPFreezeWindowView.m */,
				2359ED3D1FD789FF00AD4405 /* SYPSignView.h */,
				2359ED361FD789FF00AD4405 /* SYPSignView.m */,
				2359ED3C1FD789FF00AD4405 /* SYPFreezeViewCell.h */,
				2359ED371FD789FF00AD4405 /* SYPFreezeViewCell.m */,
				2359ED351FD789FF00AD4405 /* SYPRowViewCell.h */,
				2359ED3B1FD789FF00AD4405 /* SYPRowViewCell.m */,
				2359ED381FD789FF00AD4405 /* SYPMainViewCell.h */,
				2359ED3F1FD789FF00AD4405 /* SYPMainViewCell.m */,
				2359ED391FD789FF00AD4405 /* SYPSectionViewCell.h */,
				2359ED3E1FD789FF00AD4405 /* SYPSectionViewCell.m */,
			);
			path = FreezeWindowView;
			sourceTree = "<group>";
		};
		2365205B1FD3106B006356A3 /* LandscapeBar */ = {
			isa = PBXGroup;
			children = (
				2365205E1FD3106B006356A3 /* SYPLandscapeBarLayer.h */,
				2365205C1FD3106B006356A3 /* SYPLandscapeBarLayer.m */,
				2365205F1FD3106B006356A3 /* SYPLandscapeBarView.h */,
				2365205D1FD3106B006356A3 /* SYPLandscapeBarView.m */,
			);
			path = LandscapeBar;
			sourceTree = "<group>";
		};
		23A146CF1FD4E66700F9BC5B /* BrokenLine */ = {
			isa = PBXGroup;
			children = (
				23A146D11FD4E66700F9BC5B /* SYPClickableLineLayer.h */,
				23A146D31FD4E66700F9BC5B /* SYPClickableLineLayer.m */,
				23A146D21FD4E66700F9BC5B /* SYPClickableLineView.h */,
				23A146D01FD4E66700F9BC5B /* SYPClickableLineView.m */,
			);
			path = BrokenLine;
			sourceTree = "<group>";
		};
		23A285921FD14D9700360E7E /* Banner */ = {
			isa = PBXGroup;
			children = (
				23A285941FD14D9700360E7E /* SYPBannerView.h */,
				23A285931FD14D9700360E7E /* SYPBannerView.m */,
			);
			path = Banner;
			sourceTree = "<group>";
		};
		23A285961FD14DE600360E7E /* HelpInfo */ = {
			isa = PBXGroup;
			children = (
				23A285971FD14DE600360E7E /* SYPHelpInfoView.h */,
				23A285981FD14DE600360E7E /* SYPHelpInfoView.m */,
			);
			path = HelpInfo;
			sourceTree = "<group>";
		};
		23A2859A1FD15B7C00360E7E /* Crosshead */ = {
			isa = PBXGroup;
			children = (
				23A2859B1FD15B7C00360E7E /* SYPInfoView.h */,
				23A2859C1FD15B7C00360E7E /* SYPInfoView.m */,
			);
			path = Crosshead;
			sourceTree = "<group>";
		};
		23C9B4321FD9237300CC57ED /* FilterView */ = {
			isa = PBXGroup;
			children = (
				23C9B4331FD924A200CC57ED /* SYPFilterView.h */,
				23C9B4341FD924A200CC57ED /* SYPFilterView.m */,
				23C20CE71FD93DCC001BC1FA /* SYPFilterPopView.h */,
				23C20CE81FD93DCC001BC1FA /* SYPFilterPopView.m */,
				23D9AD731FD97BAE00DF93B6 /* SYPFilterListView.h */,
				23D9AD741FD97BAE00DF93B6 /* SYPFilterListView.m */,
				23D9AD761FDA6B8700DF93B6 /* SYPFilterListViewCell.h */,
				23D9AD771FDA6B8700DF93B6 /* SYPFilterListViewCell.m */,
				23C20CEA1FD93F0A001BC1FA /* SYPTabController.h */,
				23C20CEB1FD93F0A001BC1FA /* SYPTabController.m */,
				23C20CED1FD942DF001BC1FA /* SYPTabButton.h */,
				23C20CEE1FD942DF001BC1FA /* SYPTabButton.m */,
			);
			path = FilterView;
			sourceTree = "<group>";
		};
		23D9AD791FDA873900DF93B6 /* Using */ = {
			isa = PBXGroup;
			children = (
				23D9AD831FDA873900DF93B6 /* SYPPageView.h */,
				23D9AD851FDA873900DF93B6 /* SYPPageView.m */,
				23D9AD861FDA873900DF93B6 /* SYPPartView.h */,
				23D9AD821FDA873900DF93B6 /* SYPPartView.m */,
				23D9AD841FDA873900DF93B6 /* SYPPartViewCell.h */,
				23D9AD871FDA873900DF93B6 /* SYPPartViewCell.m */,
			);
			path = Using;
			sourceTree = "<group>";
		};
		23EAD2321FD1303100B8A488 = {
			isa = PBXGroup;
			children = (
				23EAD23D1FD1303100B8A488 /* 报表和MJExtension */,
				23EAD23C1FD1303100B8A488 /* Products */,
			);
			sourceTree = "<group>";
		};
		23EAD23C1FD1303100B8A488 /* Products */ = {
			isa = PBXGroup;
			children = (
				23EAD23B1FD1303100B8A488 /* 报表和MJExtension.app */,
			);
			name = Products;
			sourceTree = "<group>";
		};
		23EAD23D1FD1303100B8A488 /* 报表和MJExtension */ = {
			isa = PBXGroup;
			children = (
				23EAD23E1FD1303100B8A488 /* AppDelegate.h */,
				23EAD23F1FD1303100B8A488 /* AppDelegate.m */,
				23EAD2411FD1303100B8A488 /* ViewController.h */,
				23EAD2421FD1303100B8A488 /* ViewController.m */,
				23D9AD911FDC3F2F00DF93B6 /* SYPFirstViewController.h */,
				23D9AD921FDC3F2F00DF93B6 /* SYPFirstViewController.m */,
				23EAD2441FD1303100B8A488 /* Main.storyboard */,
				23D9AD791FDA873900DF93B6 /* Using */,
				23EAD28D1FD1309500B8A488 /* Components */,
				2359ED0D1FD782A200AD4405 /* Model */,
				23EAD3311FD130A600B8A488 /* Category */,
				23EAD3011FD1309A00B8A488 /* CommonView */,
				23EAD3361FD130A600B8A488 /* ConstantMacro */,
				23EAD33C1FD130A600B8A488 /* Resource */,
				23EAD26B1FD1305E00B8A488 /* MJExtension */,
				23F86BAF1FECFEF800478027 /* Masonry */,
				23EAD2471FD1303100B8A488 /* Assets.xcassets */,
				23EAD2491FD1303100B8A488 /* LaunchScreen.storyboard */,
				23EAD24C1FD1303100B8A488 /* Info.plist */,
				23EAD24D1FD1303100B8A488 /* main.m */,
			);
			path = "报表和MJExtension";
			sourceTree = "<group>";
		};
		23EAD26B1FD1305E00B8A488 /* MJExtension */ = {
			isa = PBXGroup;
			children = (
				23EAD26C1FD1305E00B8A488 /* MJPropertyKey.h */,
				23EAD26D1FD1305E00B8A488 /* NSObject+MJClass.h */,
				23EAD26E1FD1305E00B8A488 /* NSString+MJExtension.h */,
				23EAD26F1FD1305E00B8A488 /* MJPropertyType.m */,
				23EAD2701FD1305E00B8A488 /* NSObject+MJProperty.h */,
				23EAD2711FD1305E00B8A488 /* MJExtensionConst.h */,
				23EAD2721FD1305E00B8A488 /* NSObject+MJKeyValue.m */,
				23EAD2731FD1305E00B8A488 /* MJProperty.m */,
				23EAD2741FD1305E00B8A488 /* MJFoundation.h */,
				23EAD2751FD1305E00B8A488 /* NSObject+MJCoding.m */,
				23EAD2761FD1305E00B8A488 /* MJExtension.h */,
				23EAD2771FD1305E00B8A488 /* MJExtensionConst.m */,
				23EAD2781FD1305E00B8A488 /* NSObject+MJProperty.m */,
				23EAD2791FD1305E00B8A488 /* MJPropertyType.h */,
				23EAD27A1FD1305E00B8A488 /* NSObject+MJClass.m */,
				23EAD27B1FD1305E00B8A488 /* NSString+MJExtension.m */,
				23EAD27C1FD1305E00B8A488 /* MJPropertyKey.m */,
				23EAD27D1FD1305E00B8A488 /* MJProperty.h */,
				23EAD27E1FD1305E00B8A488 /* NSObject+MJKeyValue.h */,
				23EAD27F1FD1305E00B8A488 /* NSObject+MJCoding.h */,
				23EAD2801FD1305E00B8A488 /* Info.plist */,
				23EAD2811FD1305E00B8A488 /* MJFoundation.m */,
			);
			path = MJExtension;
			sourceTree = "<group>";
		};
		23EAD28D1FD1309500B8A488 /* Components */ = {
			isa = PBXGroup;
			children = (
				23C9B4321FD9237300CC57ED /* FilterView */,
				2359ED2F1FD789FF00AD4405 /* Excel */,
				23A146CF1FD4E66700F9BC5B /* BrokenLine */,
				2365205B1FD3106B006356A3 /* LandscapeBar */,
				23A2859A1FD15B7C00360E7E /* Crosshead */,
				23A285961FD14DE600360E7E /* HelpInfo */,
				23A285921FD14D9700360E7E /* Banner */,
				23EAD2DB1FD1309500B8A488 /* SingleValueView */,
				23EAD28E1FD1309500B8A488 /* ComponentBase */,
			);
			path = Components;
			sourceTree = "<group>";
		};
		23EAD28E1FD1309500B8A488 /* ComponentBase */ = {
			isa = PBXGroup;
			children = (
				23EAD28F1FD1309500B8A488 /* SYPBaseComponentView.h */,
				23EAD2911FD1309500B8A488 /* SYPBaseComponentView.m */,
				23EAD2921FD1309500B8A488 /* SYPBaseComponentLayer.h */,
				23EAD2901FD1309500B8A488 /* SYPBaseComponentLayer.m */,
			);
			path = ComponentBase;
			sourceTree = "<group>";
		};
		23EAD2DB1FD1309500B8A488 /* SingleValueView */ = {
			isa = PBXGroup;
			children = (
				23EAD2DE1FD1309500B8A488 /* SYPCompareSaleView.h */,
				23EAD2DC1FD1309500B8A488 /* SYPCompareSaleView.m */,
			);
			path = SingleValueView;
			sourceTree = "<group>";
		};
		23EAD3011FD1309A00B8A488 /* CommonView */ = {
			isa = PBXGroup;
			children = (
				23EAD3091FD1309A00B8A488 /* SYPTrendTypeImageView.h */,
				23EAD3041FD1309A00B8A488 /* SYPTrendTypeImageView.m */,
				23EAD3061FD1309A00B8A488 /* SYPBlockButton.h */,
				23EAD3021FD1309A00B8A488 /* SYPBlockButton.m */,
				23EAD3031FD1309A00B8A488 /* SYPInvertView.h */,
				23EAD3071FD1309A00B8A488 /* SYPInvertView.m */,
				23EAD3081FD1309A00B8A488 /* SYPHudView.h */,
				23EAD3051FD1309A00B8A488 /* SYPHudView.m */,
				23EAD30A1FD1309A00B8A488 /* SYPCursorView */,
			);
			path = CommonView;
			sourceTree = "<group>";
		};
		23EAD30A1FD1309A00B8A488 /* SYPCursorView */ = {
			isa = PBXGroup;
			children = (
				23EAD30E1FD1309A00B8A488 /* HARootScrollView */,
				23EAD30B1FD1309A00B8A488 /* SYPCursor.h */,
				23EAD31A1FD1309A00B8A488 /* SYPCursor.m */,
				23EAD31B1FD1309A00B8A488 /* SYPScrollNavBar.h */,
				23EAD30C1FD1309A00B8A488 /* SYPScrollNavBar.m */,
				23EAD31D1FD1309A00B8A488 /* SYPAnimationTool.h */,
				23EAD3151FD1309A00B8A488 /* SYPAnimationTool.m */,
				23EAD3201FD1309A00B8A488 /* SYPItemManager.m */,
				23EAD3181FD1309A00B8A488 /* SYPItemManager.h */,
			);
			path = SYPCursorView;
			sourceTree = "<group>";
		};
		23EAD30E1FD1309A00B8A488 /* HARootScrollView */ = {
			isa = PBXGroup;
			children = (
				23EAD30F1FD1309A00B8A488 /* SYPRootScrollView.h */,
				23EAD3131FD1309A00B8A488 /* SYPRootScrollView.m */,
				23EAD3121FD1309A00B8A488 /* SYPRootScrollViewCell.h */,
				23EAD3101FD1309A00B8A488 /* SYPRootScrollViewCell.m */,
				23EAD3111FD1309A00B8A488 /* SYPRootScrollViewManager.h */,
				23EAD3141FD1309A00B8A488 /* SYPRootScrollViewManager.m */,
			);
			path = HARootScrollView;
			sourceTree = "<group>";
		};
		23EAD3311FD130A600B8A488 /* Category */ = {
			isa = PBXGroup;
			children = (
				23EAD3341FD130A600B8A488 /* NSTimer+SYPTimer.h */,
				23EAD3321FD130A600B8A488 /* NSTimer+SYPTimer.m */,
				23EAD30D1FD1309A00B8A488 /* UIView+Extension.h */,
				23EAD31E1FD1309A00B8A488 /* UIView+Extension.m */,
				23EAD3351FD130A600B8A488 /* UIColor+SYPUtility.h */,
				23EAD3331FD130A600B8A488 /* UIColor+SYPUtility.m */,
				236DA2911FEE611600D8342B /* UIButton+SYPPositionSwap.h */,
				236DA2921FEE611600D8342B /* UIButton+SYPPositionSwap.m */,
			);
			path = Category;
			sourceTree = "<group>";
		};
		23EAD3361FD130A600B8A488 /* ConstantMacro */ = {
			isa = PBXGroup;
			children = (
				23EAD3371FD130A600B8A488 /* SYPConstantColor.h */,
				23EAD3381FD130A600B8A488 /* SYPConstantHeaderFile.h */,
				23EAD3391FD130A600B8A488 /* SYPConstantString.h */,
				23EAD33A1FD130A600B8A488 /* SYPConstantEnum.h */,
				23EAD33B1FD130A600B8A488 /* SYPConstantSize.h */,
			);
			path = ConstantMacro;
			sourceTree = "<group>";
		};
		23EAD33C1FD130A600B8A488 /* Resource */ = {
			isa = PBXGroup;
			children = (
				23EAD33D1FD130A600B8A488 /* TestData */,
				23EAD3491FD130A600B8A488 /* Image */,
			);
			path = Resource;
			sourceTree = "<group>";
		};
		23EAD33D1FD130A600B8A488 /* TestData */ = {
			isa = PBXGroup;
			children = (
				2359ED521FD8241200AD4405 /* template1_03-1.json */,
				23EAD33E1FD130A600B8A488 /* template1_05.json */,
				23EAD33F1FD130A600B8A488 /* template1_04.json */,
				23EAD3401FD130A600B8A488 /* template1_03.json */,
				23EAD3411FD130A600B8A488 /* template1_02.json */,
				23EAD3421FD130A600B8A488 /* template1_01.json */,
				23EAD3441FD130A600B8A488 /* template1_06.json */,
			);
			path = TestData;
			sourceTree = "<group>";
		};
		23EAD3491FD130A600B8A488 /* Image */ = {
			isa = PBXGroup;
			children = (
				2304BEAA1FD96AAB00003956 /* btn_empty@2x.png */,
				2304BEAB1FD96AAB00003956 /* btn_empty@3x.png */,
				23C9B4371FD9273900CC57ED /* pop_screen@2x.png */,
				23C9B4361FD9273900CC57ED /* pop_screen@3x.png */,
				23EAD34A1FD130A600B8A488 /* down_yellowarrow.png */,
				23EAD34B1FD130A600B8A488 /* pop_close@2x.png */,
				23EAD34C1FD130A600B8A488 /* pop_close@3x.png */,
				23EAD34D1FD130A600B8A488 /* up_yellowarrow.png */,
				23EAD34E1FD130A600B8A488 /* up_redarrow.png */,
				23EAD34F1FD130A600B8A488 /* up_greenarrow.png */,
				23EAD3501FD130A600B8A488 /* icon_sort@2x.png */,
				23EAD3511FD130A600B8A488 /* icon_array@3x.png */,
				23EAD3521FD130A600B8A488 /* down_greenarrow.png */,
				23EAD3531FD130A600B8A488 /* down_redarrow.png */,
				23EAD3541FD130A600B8A488 /* icon_array@2x.png */,
				23EAD3551FD130A600B8A488 /* icon_sort@3x.png */,
			);
			path = Image;
			sourceTree = "<group>";
		};
		23F86BAF1FECFEF800478027 /* Masonry */ = {
			isa = PBXGroup;
			children = (
				23F86BB01FECFEF800478027 /* MASCompositeConstraint.h */,
				23F86BB11FECFEF800478027 /* NSLayoutConstraint+MASDebugAdditions.m */,
				23F86BB21FECFEF800478027 /* MASConstraint+Private.h */,
				23F86BB31FECFEF800478027 /* MASLayoutConstraint.h */,
				23F86BB41FECFEF800478027 /* NSArray+MASShorthandAdditions.h */,
				23F86BB51FECFEF800478027 /* MASConstraintMaker.h */,
				23F86BB61FECFEF800478027 /* View+MASAdditions.h */,
				23F86BB71FECFEF800478027 /* NSArray+MASAdditions.h */,
				23F86BB81FECFEF800478027 /* MASUtilities.h */,
				23F86BB91FECFEF800478027 /* MASViewAttribute.h */,
				23F86BBA1FECFEF800478027 /* ViewController+MASAdditions.m */,
				23F86BBB1FECFEF800478027 /* MASViewConstraint.h */,
				23F86BBD1FECFEF800478027 /* NSLayoutConstraint+MASDebugAdditions.h */,
				23F86BBE1FECFEF800478027 /* MASCompositeConstraint.m */,
				23F86BBF1FECFEF800478027 /* MASConstraintMaker.m */,
				23F86BC01FECFEF800478027 /* MASLayoutConstraint.m */,
				23F86BC11FECFEF800478027 /* NSArray+MASAdditions.m */,
				23F86BC21FECFEF800478027 /* View+MASAdditions.m */,
				23F86BC31FECFEF800478027 /* View+MASShorthandAdditions.h */,
				23F86BC41FECFEF800478027 /* Masonry.h */,
				23F86BBC1FECFEF800478027 /* MASConstraint.h */,
				23F86BC51FECFEF800478027 /* MASConstraint.m */,
				23F86BC61FECFEF800478027 /* ViewController+MASAdditions.h */,
				23F86BC71FECFEF800478027 /* MASViewConstraint.m */,
				23F86BC81FECFEF800478027 /* MASViewAttribute.m */,
				23F86BC91FECFEF800478027 /* Info.plist */,
			);
			path = Masonry;
			sourceTree = "<group>";
		};
/* End PBXGroup section */

/* Begin PBXNativeTarget section */
		23EAD23A1FD1303100B8A488 /* 报表和MJExtension */ = {
			isa = PBXNativeTarget;
			buildConfigurationList = 23EAD2511FD1303100B8A488 /* Build configuration list for PBXNativeTarget "报表和MJExtension" */;
			buildPhases = (
				23EAD2371FD1303100B8A488 /* Sources */,
				23EAD2381FD1303100B8A488 /* Frameworks */,
				23EAD2391FD1303100B8A488 /* Resources */,
			);
			buildRules = (
			);
			dependencies = (
			);
			name = "报表和MJExtension";
			productName = "报表和MJExtension";
			productReference = 23EAD23B1FD1303100B8A488 /* 报表和MJExtension.app */;
			productType = "com.apple.product-type.application";
		};
/* End PBXNativeTarget section */

/* Begin PBXProject section */
		23EAD2331FD1303100B8A488 /* Project object */ = {
			isa = PBXProject;
			attributes = {
				CLASSPREFIX = SYP;
				LastUpgradeCheck = 0910;
				ORGANIZATIONNAME = "应明顺";
				TargetAttributes = {
					23EAD23A1FD1303100B8A488 = {
						CreatedOnToolsVersion = 9.1;
						ProvisioningStyle = Automatic;
					};
				};
			};
			buildConfigurationList = 23EAD2361FD1303100B8A488 /* Build configuration list for PBXProject "报表和MJExtension" */;
			compatibilityVersion = "Xcode 8.0";
			developmentRegion = en;
			hasScannedForEncodings = 0;
			knownRegions = (
				en,
				Base,
			);
			mainGroup = 23EAD2321FD1303100B8A488;
			productRefGroup = 23EAD23C1FD1303100B8A488 /* Products */;
			projectDirPath = "";
			projectRoot = "";
			targets = (
				23EAD23A1FD1303100B8A488 /* 报表和MJExtension */,
			);
		};
/* End PBXProject section */

/* Begin PBXResourcesBuildPhase section */
		23EAD2391FD1303100B8A488 /* Resources */ = {
			isa = PBXResourcesBuildPhase;
			buildActionMask = 2147483647;
			files = (
				23EAD28B1FD1305E00B8A488 /* Info.plist in Resources */,
				2304BEAC1FD96AAB00003956 /* btn_empty@2x.png in Resources */,
				23EAD24B1FD1303100B8A488 /* LaunchScreen.storyboard in Resources */,
				23EAD36D1FD130A600B8A488 /* icon_array@2x.png in Resources */,
				23EAD35E1FD130A600B8A488 /* template1_06.json in Resources */,
				23EAD2481FD1303100B8A488 /* Assets.xcassets in Resources */,
				23EAD36A1FD130A600B8A488 /* icon_array@3x.png in Resources */,
				23EAD36C1FD130A600B8A488 /* down_redarrow.png in Resources */,
				23EAD3691FD130A600B8A488 /* icon_sort@2x.png in Resources */,
				23EAD3631FD130A600B8A488 /* down_yellowarrow.png in Resources */,
				23EAD3581FD130A600B8A488 /* template1_05.json in Resources */,
				23EAD36B1FD130A600B8A488 /* down_greenarrow.png in Resources */,
				23EAD36E1FD130A600B8A488 /* icon_sort@3x.png in Resources */,
				23EAD3681FD130A600B8A488 /* up_greenarrow.png in Resources */,
				23C9B4381FD9273900CC57ED /* pop_screen@3x.png in Resources */,
				23EAD3661FD130A600B8A488 /* up_yellowarrow.png in Resources */,
				23EAD3651FD130A600B8A488 /* pop_close@3x.png in Resources */,
				2304BEAD1FD96AAB00003956 /* btn_empty@3x.png in Resources */,
				23EAD3641FD130A600B8A488 /* pop_close@2x.png in Resources */,
				23C9B4391FD9273900CC57ED /* pop_screen@2x.png in Resources */,
				23F86BD41FECFEF900478027 /* Info.plist in Resources */,
				23EAD2461FD1303100B8A488 /* Main.storyboard in Resources */,
				23EAD35A1FD130A600B8A488 /* template1_03.json in Resources */,
				23EAD3591FD130A600B8A488 /* template1_04.json in Resources */,
				23EAD3671FD130A600B8A488 /* up_redarrow.png in Resources */,
				23EAD35B1FD130A600B8A488 /* template1_02.json in Resources */,
				23EAD35C1FD130A600B8A488 /* template1_01.json in Resources */,
				2359ED531FD8241200AD4405 /* template1_03-1.json in Resources */,
			);
			runOnlyForDeploymentPostprocessing = 0;
		};
/* End PBXResourcesBuildPhase section */

/* Begin PBXSourcesBuildPhase section */
		23EAD2371FD1303100B8A488 /* Sources */ = {
			isa = PBXSourcesBuildPhase;
			buildActionMask = 2147483647;
			files = (
				23F86BCF1FECFEF900478027 /* NSArray+MASAdditions.m in Sources */,
				23F86BD31FECFEF900478027 /* MASViewAttribute.m in Sources */,
				23A2859D1FD15B7C00360E7E /* SYPInfoView.m in Sources */,
				23EAD2861FD1305E00B8A488 /* MJExtensionConst.m in Sources */,
				23F86BD21FECFEF900478027 /* MASViewConstraint.m in Sources */,
				23EAD3291FD1309A00B8A488 /* SYPRootScrollViewManager.m in Sources */,
				2359ED2B1FD782A200AD4405 /* SYPTablesModel.m in Sources */,
				2359ED281FD782A200AD4405 /* SYPFilterModel.m in Sources */,
				23EAD3221FD1309A00B8A488 /* SYPBlockButton.m in Sources */,
				23D9AD781FDA6B8700DF93B6 /* SYPFilterListViewCell.m in Sources */,
				2359ED481FD789FF00AD4405 /* SYPSectionViewCell.m in Sources */,
				23A285991FD14DE600360E7E /* SYPHelpInfoView.m in Sources */,
				23C20CEF1FD942DF001BC1FA /* SYPTabButton.m in Sources */,
				2359ED2C1FD782A200AD4405 /* SYPChartModel.m in Sources */,
				23EAD3561FD130A600B8A488 /* NSTimer+SYPTimer.m in Sources */,
				23A146D51FD4E66700F9BC5B /* SYPClickableLineLayer.m in Sources */,
				236520611FD3106B006356A3 /* SYPLandscapeBarView.m in Sources */,
				23EAD3571FD130A600B8A488 /* UIColor+SYPUtility.m in Sources */,
				23C20CE91FD93DCC001BC1FA /* SYPFilterPopView.m in Sources */,
				23D9AD751FD97BAE00DF93B6 /* SYPFilterListView.m in Sources */,
				23EAD32F1FD1309A00B8A488 /* SYPItemManager.m in Sources */,
				23EAD2E01FD1309500B8A488 /* SYPBaseComponentLayer.m in Sources */,
				2359ED4A1FD789FF00AD4405 /* SYPSubSheetView.m in Sources */,
				23D9AD8D1FDA873900DF93B6 /* SYPPartViewCell.m in Sources */,
				2359ED251FD782A200AD4405 /* SYPPageModel.m in Sources */,
				23EAD2891FD1305E00B8A488 /* NSString+MJExtension.m in Sources */,
				23EAD2E11FD1309500B8A488 /* SYPBaseComponentView.m in Sources */,
				23F86BCC1FECFEF900478027 /* MASCompositeConstraint.m in Sources */,
				2359ED261FD782A200AD4405 /* SYPSingleValueModel.m in Sources */,
				23EAD32A1FD1309A00B8A488 /* SYPAnimationTool.m in Sources */,
				23EAD3281FD1309A00B8A488 /* SYPRootScrollView.m in Sources */,
				23EAD2871FD1305E00B8A488 /* NSObject+MJProperty.m in Sources */,
				2359ED291FD782A200AD4405 /* SYPBannerModel.m in Sources */,
				23EAD2851FD1305E00B8A488 /* NSObject+MJCoding.m in Sources */,
				23C9B4351FD924A200CC57ED /* SYPFilterView.m in Sources */,
				23EAD2881FD1305E00B8A488 /* NSObject+MJClass.m in Sources */,
				23EAD3251FD1309A00B8A488 /* SYPInvertView.m in Sources */,
				2359ED441FD789FF00AD4405 /* SYPSignView.m in Sources */,
				23EAD2431FD1303100B8A488 /* ViewController.m in Sources */,
				2359ED431FD789FF00AD4405 /* SYPExcelView.m in Sources */,
				2359ED271FD782A200AD4405 /* SYPBargraphModel.m in Sources */,
				23A146D41FD4E66700F9BC5B /* SYPClickableLineView.m in Sources */,
				23EAD3231FD1309A00B8A488 /* SYPTrendTypeImageView.m in Sources */,
				2359ED451FD789FF00AD4405 /* SYPFreezeViewCell.m in Sources */,
				23F86BD01FECFEF900478027 /* View+MASAdditions.m in Sources */,
				23C20CEC1FD93F0A001BC1FA /* SYPTabController.m in Sources */,
				23D9AD8B1FDA873900DF93B6 /* SYPPartView.m in Sources */,
				23EAD32B1FD1309A00B8A488 /* SYPCursor.m in Sources */,
				2359ED2A1FD782A200AD4405 /* SYPColourPointModel.m in Sources */,
				2359ED491FD789FF00AD4405 /* SYPMainViewCell.m in Sources */,
				236DA2931FEE611600D8342B /* UIButton+SYPPositionSwap.m in Sources */,
				23EAD3241FD1309A00B8A488 /* SYPHudView.m in Sources */,
				2359ED461FD789FF00AD4405 /* SYPFreezeWindowView.m in Sources */,
				23F86BCA1FECFEF900478027 /* NSLayoutConstraint+MASDebugAdditions.m in Sources */,
				2359ED2E1FD782A200AD4405 /* SYPInfoModel.m in Sources */,
				23EAD2841FD1305E00B8A488 /* MJProperty.m in Sources */,
				23EAD32D1FD1309A00B8A488 /* UIView+Extension.m in Sources */,
				23F86BCE1FECFEF900478027 /* MASLayoutConstraint.m in Sources */,
				23F86BCD1FECFEF900478027 /* MASConstraintMaker.m in Sources */,
				2359ED471FD789FF00AD4405 /* SYPRowViewCell.m in Sources */,
				23EAD28C1FD1305E00B8A488 /* MJFoundation.m in Sources */,
				23EAD28A1FD1305E00B8A488 /* MJPropertyKey.m in Sources */,
				23F86BD11FECFEF900478027 /* MASConstraint.m in Sources */,
				23EAD3271FD1309A00B8A488 /* SYPRootScrollViewCell.m in Sources */,
				23EAD2FF1FD1309500B8A488 /* SYPCompareSaleView.m in Sources */,
				236520601FD3106B006356A3 /* SYPLandscapeBarLayer.m in Sources */,
				23EAD3261FD1309A00B8A488 /* SYPScrollNavBar.m in Sources */,
				23D9AD931FDC3F2F00DF93B6 /* SYPFirstViewController.m in Sources */,
				23F86BCB1FECFEF900478027 /* ViewController+MASAdditions.m in Sources */,
				23A285951FD14D9700360E7E /* SYPBannerView.m in Sources */,
				23D9AD8C1FDA873900DF93B6 /* SYPPageView.m in Sources */,
				2359ED4B1FD789FF00AD4405 /* SYPSheetView.m in Sources */,
				23EAD2821FD1305E00B8A488 /* MJPropertyType.m in Sources */,
				23EAD24E1FD1303100B8A488 /* main.m in Sources */,
				23EAD2831FD1305E00B8A488 /* NSObject+MJKeyValue.m in Sources */,
				2359ED241FD782A200AD4405 /* SYPBaseChartModel.m in Sources */,
				23EAD2401FD1303100B8A488 /* AppDelegate.m in Sources */,
				2359ED2D1FD782A200AD4405 /* SYPPartModel.m in Sources */,
			);
			runOnlyForDeploymentPostprocessing = 0;
		};
/* End PBXSourcesBuildPhase section */

/* Begin PBXVariantGroup section */
		23EAD2441FD1303100B8A488 /* Main.storyboard */ = {
			isa = PBXVariantGroup;
			children = (
				23EAD2451FD1303100B8A488 /* Base */,
			);
			name = Main.storyboard;
			sourceTree = "<group>";
		};
		23EAD2491FD1303100B8A488 /* LaunchScreen.storyboard */ = {
			isa = PBXVariantGroup;
			children = (
				23EAD24A1FD1303100B8A488 /* Base */,
			);
			name = LaunchScreen.storyboard;
			sourceTree = "<group>";
		};
/* End PBXVariantGroup section */

/* Begin XCBuildConfiguration section */
		23EAD24F1FD1303100B8A488 /* Debug */ = {
			isa = XCBuildConfiguration;
			buildSettings = {
				ALWAYS_SEARCH_USER_PATHS = NO;
				CLANG_ANALYZER_NONNULL = YES;
				CLANG_ANALYZER_NUMBER_OBJECT_CONVERSION = YES_AGGRESSIVE;
				CLANG_CXX_LANGUAGE_STANDARD = "gnu++14";
				CLANG_CXX_LIBRARY = "libc++";
				CLANG_ENABLE_MODULES = YES;
				CLANG_ENABLE_OBJC_ARC = YES;
				CLANG_WARN_BLOCK_CAPTURE_AUTORELEASING = YES;
				CLANG_WARN_BOOL_CONVERSION = YES;
				CLANG_WARN_COMMA = YES;
				CLANG_WARN_CONSTANT_CONVERSION = YES;
				CLANG_WARN_DIRECT_OBJC_ISA_USAGE = YES_ERROR;
				CLANG_WARN_DOCUMENTATION_COMMENTS = YES;
				CLANG_WARN_EMPTY_BODY = YES;
				CLANG_WARN_ENUM_CONVERSION = YES;
				CLANG_WARN_INFINITE_RECURSION = YES;
				CLANG_WARN_INT_CONVERSION = YES;
				CLANG_WARN_NON_LITERAL_NULL_CONVERSION = YES;
				CLANG_WARN_OBJC_LITERAL_CONVERSION = YES;
				CLANG_WARN_OBJC_ROOT_CLASS = YES_ERROR;
				CLANG_WARN_RANGE_LOOP_ANALYSIS = YES;
				CLANG_WARN_STRICT_PROTOTYPES = YES;
				CLANG_WARN_SUSPICIOUS_MOVE = YES;
				CLANG_WARN_UNGUARDED_AVAILABILITY = YES_AGGRESSIVE;
				CLANG_WARN_UNREACHABLE_CODE = YES;
				CLANG_WARN__DUPLICATE_METHOD_MATCH = YES;
				CODE_SIGN_IDENTITY = "iPhone Developer";
				COPY_PHASE_STRIP = NO;
				DEBUG_INFORMATION_FORMAT = dwarf;
				ENABLE_STRICT_OBJC_MSGSEND = YES;
				ENABLE_TESTABILITY = YES;
				GCC_C_LANGUAGE_STANDARD = gnu11;
				GCC_DYNAMIC_NO_PIC = NO;
				GCC_NO_COMMON_BLOCKS = YES;
				GCC_OPTIMIZATION_LEVEL = 0;
				GCC_PREPROCESSOR_DEFINITIONS = (
					"DEBUG=1",
					"$(inherited)",
				);
				GCC_WARN_64_TO_32_BIT_CONVERSION = YES;
				GCC_WARN_ABOUT_RETURN_TYPE = YES_ERROR;
				GCC_WARN_UNDECLARED_SELECTOR = YES;
				GCC_WARN_UNINITIALIZED_AUTOS = YES_AGGRESSIVE;
				GCC_WARN_UNUSED_FUNCTION = YES;
				GCC_WARN_UNUSED_VARIABLE = YES;
				IPHONEOS_DEPLOYMENT_TARGET = 11.1;
				MTL_ENABLE_DEBUG_INFO = YES;
				ONLY_ACTIVE_ARCH = YES;
				SDKROOT = iphoneos;
			};
			name = Debug;
		};
		23EAD2501FD1303100B8A488 /* Release */ = {
			isa = XCBuildConfiguration;
			buildSettings = {
				ALWAYS_SEARCH_USER_PATHS = NO;
				CLANG_ANALYZER_NONNULL = YES;
				CLANG_ANALYZER_NUMBER_OBJECT_CONVERSION = YES_AGGRESSIVE;
				CLANG_CXX_LANGUAGE_STANDARD = "gnu++14";
				CLANG_CXX_LIBRARY = "libc++";
				CLANG_ENABLE_MODULES = YES;
				CLANG_ENABLE_OBJC_ARC = YES;
				CLANG_WARN_BLOCK_CAPTURE_AUTORELEASING = YES;
				CLANG_WARN_BOOL_CONVERSION = YES;
				CLANG_WARN_COMMA = YES;
				CLANG_WARN_CONSTANT_CONVERSION = YES;
				CLANG_WARN_DIRECT_OBJC_ISA_USAGE = YES_ERROR;
				CLANG_WARN_DOCUMENTATION_COMMENTS = YES;
				CLANG_WARN_EMPTY_BODY = YES;
				CLANG_WARN_ENUM_CONVERSION = YES;
				CLANG_WARN_INFINITE_RECURSION = YES;
				CLANG_WARN_INT_CONVERSION = YES;
				CLANG_WARN_NON_LITERAL_NULL_CONVERSION = YES;
				CLANG_WARN_OBJC_LITERAL_CONVERSION = YES;
				CLANG_WARN_OBJC_ROOT_CLASS = YES_ERROR;
				CLANG_WARN_RANGE_LOOP_ANALYSIS = YES;
				CLANG_WARN_STRICT_PROTOTYPES = YES;
				CLANG_WARN_SUSPICIOUS_MOVE = YES;
				CLANG_WARN_UNGUARDED_AVAILABILITY = YES_AGGRESSIVE;
				CLANG_WARN_UNREACHABLE_CODE = YES;
				CLANG_WARN__DUPLICATE_METHOD_MATCH = YES;
				CODE_SIGN_IDENTITY = "iPhone Developer";
				COPY_PHASE_STRIP = NO;
				DEBUG_INFORMATION_FORMAT = "dwarf-with-dsym";
				ENABLE_NS_ASSERTIONS = NO;
				ENABLE_STRICT_OBJC_MSGSEND = YES;
				GCC_C_LANGUAGE_STANDARD = gnu11;
				GCC_NO_COMMON_BLOCKS = YES;
				GCC_WARN_64_TO_32_BIT_CONVERSION = YES;
				GCC_WARN_ABOUT_RETURN_TYPE = YES_ERROR;
				GCC_WARN_UNDECLARED_SELECTOR = YES;
				GCC_WARN_UNINITIALIZED_AUTOS = YES_AGGRESSIVE;
				GCC_WARN_UNUSED_FUNCTION = YES;
				GCC_WARN_UNUSED_VARIABLE = YES;
				IPHONEOS_DEPLOYMENT_TARGET = 11.1;
				MTL_ENABLE_DEBUG_INFO = NO;
				SDKROOT = iphoneos;
				VALIDATE_PRODUCT = YES;
			};
			name = Release;
		};
		23EAD2521FD1303100B8A488 /* Debug */ = {
			isa = XCBuildConfiguration;
			buildSettings = {
				ASSETCATALOG_COMPILER_APPICON_NAME = AppIcon;
				CODE_SIGN_STYLE = Automatic;
				DEVELOPMENT_TEAM = SPHAB78ZGS;
				INFOPLIST_FILE = "报表和MJExtension/Info.plist";
				IPHONEOS_DEPLOYMENT_TARGET = 9.0;
				LD_RUNPATH_SEARCH_PATHS = "$(inherited) @executable_path/Frameworks";
				PRODUCT_BUNDLE_IDENTIFIER = "cn.com.csii.---MJExtension";
				PRODUCT_NAME = "$(TARGET_NAME)";
				TARGETED_DEVICE_FAMILY = "1,2";
			};
			name = Debug;
		};
		23EAD2531FD1303100B8A488 /* Release */ = {
			isa = XCBuildConfiguration;
			buildSettings = {
				ASSETCATALOG_COMPILER_APPICON_NAME = AppIcon;
				CODE_SIGN_STYLE = Automatic;
				DEVELOPMENT_TEAM = SPHAB78ZGS;
				INFOPLIST_FILE = "报表和MJExtension/Info.plist";
				IPHONEOS_DEPLOYMENT_TARGET = 9.0;
				LD_RUNPATH_SEARCH_PATHS = "$(inherited) @executable_path/Frameworks";
				PRODUCT_BUNDLE_IDENTIFIER = "cn.com.csii.---MJExtension";
				PRODUCT_NAME = "$(TARGET_NAME)";
				TARGETED_DEVICE_FAMILY = "1,2";
			};
			name = Release;
		};
/* End XCBuildConfiguration section */

/* Begin XCConfigurationList section */
		23EAD2361FD1303100B8A488 /* Build configuration list for PBXProject "报表和MJExtension" */ = {
			isa = XCConfigurationList;
			buildConfigurations = (
				23EAD24F1FD1303100B8A488 /* Debug */,
				23EAD2501FD1303100B8A488 /* Release */,
			);
			defaultConfigurationIsVisible = 0;
			defaultConfigurationName = Release;
		};
		23EAD2511FD1303100B8A488 /* Build configuration list for PBXNativeTarget "报表和MJExtension" */ = {
			isa = XCConfigurationList;
			buildConfigurations = (
				23EAD2521FD1303100B8A488 /* Debug */,
				23EAD2531FD1303100B8A488 /* Release */,
			);
			defaultConfigurationIsVisible = 0;
			defaultConfigurationName = Release;
		};
/* End XCConfigurationList section */
	};
	rootObject = 23EAD2331FD1303100B8A488 /* Project object */;
}
